// !$*UTF8*$!
{
	archiveVersion = 1;
	classes = {
	};
	objectVersion = 50;
	objects = {

/* Begin PBXBuildFile section */
		380327E6214FF2E2001F85BD /* PropertiesCell.xib in Resources */ = {isa = PBXBuildFile; fileRef = 380327E5214FF2E2001F85BD /* PropertiesCell.xib */; };
		3817AACE214BAE0300E7F130 /* PayAlertController.swift in Sources */ = {isa = PBXBuildFile; fileRef = 3817AACD214BAE0300E7F130 /* PayAlertController.swift */; };
		381C00EB212F1193005BBC25 /* Localizable.strings in Resources */ = {isa = PBXBuildFile; fileRef = 381C00ED212F1193005BBC25 /* Localizable.strings */; };
		3820284021309267000CA9ED /* ViewController.xib in Resources */ = {isa = PBXBuildFile; fileRef = 3820283F21309267000CA9ED /* ViewController.xib */; };
		382028422130926D000CA9ED /* ViewController.swift in Sources */ = {isa = PBXBuildFile; fileRef = 382028412130926D000CA9ED /* ViewController.swift */; };
		3825E669212C8E09007DE9AC /* AppDelegate.swift in Sources */ = {isa = PBXBuildFile; fileRef = 3825E668212C8E09007DE9AC /* AppDelegate.swift */; };
		3825E670212C8E0C007DE9AC /* Assets.xcassets in Resources */ = {isa = PBXBuildFile; fileRef = 3825E66F212C8E0B007DE9AC /* Assets.xcassets */; };
		3825E673212C8E0C007DE9AC /* LaunchScreen.storyboard in Resources */ = {isa = PBXBuildFile; fileRef = 3825E671212C8E0C007DE9AC /* LaunchScreen.storyboard */; };
		382B77E5214C1BD200E3D7E6 /* Wish.swift in Sources */ = {isa = PBXBuildFile; fileRef = 382B77E4214C1BD200E3D7E6 /* Wish.swift */; };
		383B9C49212E00C90053C887 /* HeaderView.xib in Resources */ = {isa = PBXBuildFile; fileRef = 383B9C48212E00C90053C887 /* HeaderView.xib */; };
		383B9C4B212E00E30053C887 /* HeaderView.swift in Sources */ = {isa = PBXBuildFile; fileRef = 383B9C4A212E00E30053C887 /* HeaderView.swift */; };
		383B9C4E212E055B0053C887 /* TextFieldCell.swift in Sources */ = {isa = PBXBuildFile; fileRef = 383B9C4D212E055B0053C887 /* TextFieldCell.swift */; };
		383B9C50212E05BA0053C887 /* TextFieldCell.xib in Resources */ = {isa = PBXBuildFile; fileRef = 383B9C4F212E05BA0053C887 /* TextFieldCell.xib */; };
		383B9C58212E0C4D0053C887 /* PhoneTextFieldCell.swift in Sources */ = {isa = PBXBuildFile; fileRef = 383B9C57212E0C4D0053C887 /* PhoneTextFieldCell.swift */; };
		383B9C5B212E0C9E0053C887 /* PhoneTextFieldCell.xib in Resources */ = {isa = PBXBuildFile; fileRef = 383B9C5A212E0C9E0053C887 /* PhoneTextFieldCell.xib */; };
		383B9C5E212E1F4D0053C887 /* ButtonCell.swift in Sources */ = {isa = PBXBuildFile; fileRef = 383B9C5D212E1F4D0053C887 /* ButtonCell.swift */; };
		383B9C60212E1F840053C887 /* ButtonCell.xib in Resources */ = {isa = PBXBuildFile; fileRef = 383B9C5F212E1F840053C887 /* ButtonCell.xib */; };
		383B9C63212E23390053C887 /* FooterButtonView.swift in Sources */ = {isa = PBXBuildFile; fileRef = 383B9C62212E23390053C887 /* FooterButtonView.swift */; };
		383B9C65212E23500053C887 /* FooterButtonView.xib in Resources */ = {isa = PBXBuildFile; fileRef = 383B9C64212E23500053C887 /* FooterButtonView.xib */; };
		383E269021500DFE00D48F99 /* PricesCell.swift in Sources */ = {isa = PBXBuildFile; fileRef = 383E268F21500DFE00D48F99 /* PricesCell.swift */; };
		383E269221500E6700D48F99 /* PricesCell.xib in Resources */ = {isa = PBXBuildFile; fileRef = 383E269121500E6700D48F99 /* PricesCell.xib */; };
		383E269421500FCC00D48F99 /* SearchCarDataSource.swift in Sources */ = {isa = PBXBuildFile; fileRef = 383E269321500FCC00D48F99 /* SearchCarDataSource.swift */; };
		38513DE221455E0A00FDD1BA /* ChooseTaxiCell.swift in Sources */ = {isa = PBXBuildFile; fileRef = 38513DE121455E0A00FDD1BA /* ChooseTaxiCell.swift */; };
		38513DE421455E1D00FDD1BA /* ChooseTaxiCell.xib in Resources */ = {isa = PBXBuildFile; fileRef = 38513DE321455E1D00FDD1BA /* ChooseTaxiCell.xib */; };
		38513DE62145750C00FDD1BA /* TaxiViewCollectionCell.swift in Sources */ = {isa = PBXBuildFile; fileRef = 38513DE52145750C00FDD1BA /* TaxiViewCollectionCell.swift */; };
		38513DEA2145753E00FDD1BA /* TaxiViewCollectionCell.xib in Resources */ = {isa = PBXBuildFile; fileRef = 38513DE92145753E00FDD1BA /* TaxiViewCollectionCell.xib */; };
		38513DEE2147F69E00FDD1BA /* CallTaxiCell.swift in Sources */ = {isa = PBXBuildFile; fileRef = 38513DED2147F69E00FDD1BA /* CallTaxiCell.swift */; };
		38513DF02147F6CB00FDD1BA /* CallTaxiCell.xib in Resources */ = {isa = PBXBuildFile; fileRef = 38513DEF2147F6CB00FDD1BA /* CallTaxiCell.xib */; };
		385E7238213F7EF200CFF2A9 /* Address.swift in Sources */ = {isa = PBXBuildFile; fileRef = 385E7237213F7EF200CFF2A9 /* Address.swift */; };
		3873AB46214AD0BB00484C86 /* WishesController.swift in Sources */ = {isa = PBXBuildFile; fileRef = 3873AB45214AD0BB00484C86 /* WishesController.swift */; };
		3873AB48214AD0C300484C86 /* WishesController.xib in Resources */ = {isa = PBXBuildFile; fileRef = 3873AB47214AD0C300484C86 /* WishesController.xib */; };
		3873AB4D214AD30000484C86 /* WishesCell.swift in Sources */ = {isa = PBXBuildFile; fileRef = 3873AB4C214AD30000484C86 /* WishesCell.swift */; };
		3873AB4F214AD30E00484C86 /* WishesCell.xib in Resources */ = {isa = PBXBuildFile; fileRef = 3873AB4E214AD30E00484C86 /* WishesCell.xib */; };
		3877E85D214D433C009DAA44 /* TaxiTypeModel.swift in Sources */ = {isa = PBXBuildFile; fileRef = 3877E85C214D433C009DAA44 /* TaxiTypeModel.swift */; };
		38DC8792215283E800A621D0 /* AcceptView.swift in Sources */ = {isa = PBXBuildFile; fileRef = 38DC8791215283E800A621D0 /* AcceptView.swift */; };
		38DC8794215283F100A621D0 /* AcceptView.xib in Resources */ = {isa = PBXBuildFile; fileRef = 38DC8793215283F100A621D0 /* AcceptView.xib */; };
		38A4C08421500805003597C0 /* DriverOnWayDataSource.swift in Sources */ = {isa = PBXBuildFile; fileRef = 38A4C08321500805003597C0 /* DriverOnWayDataSource.swift */; };
		38B03BE4214D9A46007DBF45 /* MainControllerDataSource.swift in Sources */ = {isa = PBXBuildFile; fileRef = 38B03BE3214D9A46007DBF45 /* MainControllerDataSource.swift */; };
		38B03BE6214E4DA6007DBF45 /* OnDriveDataSource.swift in Sources */ = {isa = PBXBuildFile; fileRef = 38B03BE5214E4DA6007DBF45 /* OnDriveDataSource.swift */; };
		38B03BE9214E592D007DBF45 /* DriveDetailsCell.swift in Sources */ = {isa = PBXBuildFile; fileRef = 38B03BE8214E592D007DBF45 /* DriveDetailsCell.swift */; };
		38B03BEB214E5936007DBF45 /* DriveDetailsCell.xib in Resources */ = {isa = PBXBuildFile; fileRef = 38B03BEA214E5936007DBF45 /* DriveDetailsCell.xib */; };
		38B03BEE214E5AD4007DBF45 /* DriverDetailsCell.swift in Sources */ = {isa = PBXBuildFile; fileRef = 38B03BED214E5AD4007DBF45 /* DriverDetailsCell.swift */; };
		38B03BF0214E5B4F007DBF45 /* DriverDetailsCell.xib in Resources */ = {isa = PBXBuildFile; fileRef = 38B03BEF214E5B4F007DBF45 /* DriverDetailsCell.xib */; };
		38E4AC8E214FF2BB003B66C2 /* PropertiesCell.swift in Sources */ = {isa = PBXBuildFile; fileRef = 38E4AC8D214FF2BB003B66C2 /* PropertiesCell.swift */; };
		38E85C34212E518000ECCCE8 /* PresenterViewController.swift in Sources */ = {isa = PBXBuildFile; fileRef = 38E85C33212E518000ECCCE8 /* PresenterViewController.swift */; };
		38E85C36212E518D00ECCCE8 /* PresenterViewController.xib in Resources */ = {isa = PBXBuildFile; fileRef = 38E85C35212E518D00ECCCE8 /* PresenterViewController.xib */; };
		38E85C39212E52E700ECCCE8 /* CountryCell.swift in Sources */ = {isa = PBXBuildFile; fileRef = 38E85C38212E52E700ECCCE8 /* CountryCell.swift */; };
		38E85C3B212E52F300ECCCE8 /* CountryCell.xib in Resources */ = {isa = PBXBuildFile; fileRef = 38E85C3A212E52F300ECCCE8 /* CountryCell.xib */; };
		38E9D06721394A820088A6D5 /* MainController.swift in Sources */ = {isa = PBXBuildFile; fileRef = 38E9D06621394A820088A6D5 /* MainController.swift */; };
		38E9D06921394A8D0088A6D5 /* MainController.xib in Resources */ = {isa = PBXBuildFile; fileRef = 38E9D06821394A8D0088A6D5 /* MainController.xib */; };
		38E9D0732139BF2A0088A6D5 /* AddressCell.swift in Sources */ = {isa = PBXBuildFile; fileRef = 38E9D0722139BF2A0088A6D5 /* AddressCell.swift */; };
		38E9D0752139BF360088A6D5 /* AddressCell.xib in Resources */ = {isa = PBXBuildFile; fileRef = 38E9D0742139BF360088A6D5 /* AddressCell.xib */; };
		38E9D077213BC09B0088A6D5 /* HeaderCell.swift in Sources */ = {isa = PBXBuildFile; fileRef = 38E9D076213BC09B0088A6D5 /* HeaderCell.swift */; };
		38E9D079213BC0A30088A6D5 /* HeaderCell.xib in Resources */ = {isa = PBXBuildFile; fileRef = 38E9D078213BC0A30088A6D5 /* HeaderCell.xib */; };
		38E9D07C213BC3800088A6D5 /* SettingsCell.swift in Sources */ = {isa = PBXBuildFile; fileRef = 38E9D07B213BC3800088A6D5 /* SettingsCell.swift */; };
		38E9D07E213BC38A0088A6D5 /* SettingsCell.xib in Resources */ = {isa = PBXBuildFile; fileRef = 38E9D07D213BC38A0088A6D5 /* SettingsCell.xib */; };
		38F4F762212F3E2700CF80FE /* SlideshowController.swift in Sources */ = {isa = PBXBuildFile; fileRef = 38F4F761212F3E2700CF80FE /* SlideshowController.swift */; };
		38F4F764212F3E4A00CF80FE /* SlideshowController.xib in Resources */ = {isa = PBXBuildFile; fileRef = 38F4F763212F3E4A00CF80FE /* SlideshowController.xib */; };
		38F4F766212F419200CF80FE /* Slide.xib in Resources */ = {isa = PBXBuildFile; fileRef = 38F4F765212F419200CF80FE /* Slide.xib */; };
		38F4F768212F5A2000CF80FE /* Slide.swift in Sources */ = {isa = PBXBuildFile; fileRef = 38F4F767212F5A2000CF80FE /* Slide.swift */; };
		7C19EC12212DDBA700EFF008 /* Sinder.swift in Sources */ = {isa = PBXBuildFile; fileRef = 7C19EC11212DDBA700EFF008 /* Sinder.swift */; };
		7C19EC15212DDBD600EFF008 /* NibLoadable.swift in Sources */ = {isa = PBXBuildFile; fileRef = 7C19EC14212DDBD600EFF008 /* NibLoadable.swift */; };
		7C19EC18212DDD5600EFF008 /* Router.swift in Sources */ = {isa = PBXBuildFile; fileRef = 7C19EC17212DDD5600EFF008 /* Router.swift */; };
		7C19EC1A212DDE6100EFF008 /* Localize.swift in Sources */ = {isa = PBXBuildFile; fileRef = 7C19EC19212DDE6100EFF008 /* Localize.swift */; };
		7C3EF6B3214C142A009F08B3 /* OrderManager.swift in Sources */ = {isa = PBXBuildFile; fileRef = 7C3EF6B2214C142A009F08B3 /* OrderManager.swift */; };
		7C3EF6B7214C14CA009F08B3 /* NewOrderRequest.swift in Sources */ = {isa = PBXBuildFile; fileRef = 7C3EF6B6214C14CA009F08B3 /* NewOrderRequest.swift */; };
		7C3EF6B9214C168A009F08B3 /* SourceModel.swift in Sources */ = {isa = PBXBuildFile; fileRef = 7C3EF6B8214C168A009F08B3 /* SourceModel.swift */; };
		7C3EF6BC214C19B0009F08B3 /* NewOrderResponse.swift in Sources */ = {isa = PBXBuildFile; fileRef = 7C3EF6BB214C19B0009F08B3 /* NewOrderResponse.swift */; };
		7C3EF6BE214C1B87009F08B3 /* Tariff.swift in Sources */ = {isa = PBXBuildFile; fileRef = 7C3EF6BD214C1B87009F08B3 /* Tariff.swift */; };
		7C3EF6C0214C1C76009F08B3 /* Requirement.swift in Sources */ = {isa = PBXBuildFile; fileRef = 7C3EF6BF214C1C76009F08B3 /* Requirement.swift */; };
		7C3EF6C3214C273E009F08B3 /* Storage.swift in Sources */ = {isa = PBXBuildFile; fileRef = 7C3EF6C2214C273E009F08B3 /* Storage.swift */; };
		7C8A06E421323075009E9EE0 /* RusTaxiTests.swift in Sources */ = {isa = PBXBuildFile; fileRef = 7C8A06E321323075009E9EE0 /* RusTaxiTests.swift */; };
		7C8A06EC21323089009E9EE0 /* PhoneFormatterTests.swift in Sources */ = {isa = PBXBuildFile; fileRef = 7C8A06EB21323088009E9EE0 /* PhoneFormatterTests.swift */; };
		7C8A06EF21323382009E9EE0 /* AuthManager.swift in Sources */ = {isa = PBXBuildFile; fileRef = 7C8A06EE21323382009E9EE0 /* AuthManager.swift */; };
		7C8A06F121323394009E9EE0 /* BaseManager.swift in Sources */ = {isa = PBXBuildFile; fileRef = 7C8A06F021323394009E9EE0 /* BaseManager.swift */; };
		7CC81B232134177E00D7347A /* JSONStringTests.swift in Sources */ = {isa = PBXBuildFile; fileRef = 7CC81B222134177E00D7347A /* JSONStringTests.swift */; };
		7CFD2E83214FD65C00D5E197 /* NewOrderDataProvider.swift in Sources */ = {isa = PBXBuildFile; fileRef = 7CFD2E82214FD65C00D5E197 /* NewOrderDataProvider.swift */; };
		7CFD2E85214FD7A300D5E197 /* AddressManager.swift in Sources */ = {isa = PBXBuildFile; fileRef = 7CFD2E84214FD7A300D5E197 /* AddressManager.swift */; };
		7CFD2E87214FDA2D00D5E197 /* SearchAddressModel.swift in Sources */ = {isa = PBXBuildFile; fileRef = 7CFD2E86214FDA2D00D5E197 /* SearchAddressModel.swift */; };
		7CFD2E89214FDF3900D5E197 /* ChatManager.swift in Sources */ = {isa = PBXBuildFile; fileRef = 7CFD2E88214FDF3900D5E197 /* ChatManager.swift */; };
		7CFD2E8D214FE53A00D5E197 /* MessageModel.swift in Sources */ = {isa = PBXBuildFile; fileRef = 7CFD2E8C214FE53A00D5E197 /* MessageModel.swift */; };
		7CFD2E8F214FE6C200D5E197 /* CheckOrderModel.swift in Sources */ = {isa = PBXBuildFile; fileRef = 7CFD2E8E214FE6C200D5E197 /* CheckOrderModel.swift */; };
		7CFD2E92214FE74800D5E197 /* OfferDriverModel.swift in Sources */ = {isa = PBXBuildFile; fileRef = 7CFD2E91214FE74800D5E197 /* OfferDriverModel.swift */; };
		7CFD2E94214FE7A300D5E197 /* CauseOrderModel.swift in Sources */ = {isa = PBXBuildFile; fileRef = 7CFD2E93214FE7A300D5E197 /* CauseOrderModel.swift */; };
		7CFD2E97214FE9BB00D5E197 /* TimerInteractor.swift in Sources */ = {isa = PBXBuildFile; fileRef = 7CFD2E96214FE9BB00D5E197 /* TimerInteractor.swift */; };
		7CFD2E9A214FE9EA00D5E197 /* Time.swift in Sources */ = {isa = PBXBuildFile; fileRef = 7CFD2E99214FE9EA00D5E197 /* Time.swift */; };
		7CFD2E9C214FEBC800D5E197 /* MapDataProvider.swift in Sources */ = {isa = PBXBuildFile; fileRef = 7CFD2E9B214FEBC800D5E197 /* MapDataProvider.swift */; };
		7CFD2E9E2150007900D5E197 /* UserManager.swift in Sources */ = {isa = PBXBuildFile; fileRef = 7CFD2E9D2150007900D5E197 /* UserManager.swift */; };
		7CFD2EA1215000B400D5E197 /* UserInfoModel.swift in Sources */ = {isa = PBXBuildFile; fileRef = 7CFD2EA0215000B400D5E197 /* UserInfoModel.swift */; };
		7CFD2EA4215001FC00D5E197 /* TypePay.swift in Sources */ = {isa = PBXBuildFile; fileRef = 7CFD2EA3215001FC00D5E197 /* TypePay.swift */; };
		7CFD2EA62150023400D5E197 /* Equip.swift in Sources */ = {isa = PBXBuildFile; fileRef = 7CFD2EA52150023400D5E197 /* Equip.swift */; };
		7CFD2EA821500E4100D5E197 /* NearCarResponse.swift in Sources */ = {isa = PBXBuildFile; fileRef = 7CFD2EA721500E4100D5E197 /* NearCarResponse.swift */; };
		7CFD2EB3215010F600D5E197 /* Constants.swift in Sources */ = {isa = PBXBuildFile; fileRef = 7CFD2EAD215010F500D5E197 /* Constants.swift */; };
		7CFD2EB4215010F600D5E197 /* Extensions.swift in Sources */ = {isa = PBXBuildFile; fileRef = 7CFD2EAE215010F500D5E197 /* Extensions.swift */; };
		7CFD2EB5215010F600D5E197 /* JSONString.swift in Sources */ = {isa = PBXBuildFile; fileRef = 7CFD2EAF215010F500D5E197 /* JSONString.swift */; };
		7CFD2EB6215010F600D5E197 /* Typealiases.swift in Sources */ = {isa = PBXBuildFile; fileRef = 7CFD2EB0215010F500D5E197 /* Typealiases.swift */; };
		7CFD2EB7215010F600D5E197 /* PhoneFormatterHelper.swift in Sources */ = {isa = PBXBuildFile; fileRef = 7CFD2EB2215010F500D5E197 /* PhoneFormatterHelper.swift */; };
		7CFD2EB92150111900D5E197 /* UserInformation.swift in Sources */ = {isa = PBXBuildFile; fileRef = 7CFD2EB82150111900D5E197 /* UserInformation.swift */; };
		9870515E984ADF19AC6B8C08 /* Pods_RusTaxi.framework in Frameworks */ = {isa = PBXBuildFile; fileRef = AA6917A158EE3C7B36F672EB /* Pods_RusTaxi.framework */; };
/* End PBXBuildFile section */

/* Begin PBXContainerItemProxy section */
		7C8A06E621323075009E9EE0 /* PBXContainerItemProxy */ = {
			isa = PBXContainerItemProxy;
			containerPortal = 3825E65D212C8E09007DE9AC /* Project object */;
			proxyType = 1;
			remoteGlobalIDString = 3825E664212C8E09007DE9AC;
			remoteInfo = RusTaxi;
		};
/* End PBXContainerItemProxy section */

/* Begin PBXFileReference section */
		380327E5214FF2E2001F85BD /* PropertiesCell.xib */ = {isa = PBXFileReference; lastKnownFileType = file.xib; path = PropertiesCell.xib; sourceTree = "<group>"; };
		3817AACD214BAE0300E7F130 /* PayAlertController.swift */ = {isa = PBXFileReference; lastKnownFileType = sourcecode.swift; path = PayAlertController.swift; sourceTree = "<group>"; };
		381C00EC212F1193005BBC25 /* en */ = {isa = PBXFileReference; lastKnownFileType = text.plist.strings; name = en; path = en.lproj/Localizable.strings; sourceTree = "<group>"; };
		381C00EF212F127E005BBC25 /* ru */ = {isa = PBXFileReference; lastKnownFileType = text.plist.strings; name = ru; path = ru.lproj/LaunchScreen.strings; sourceTree = "<group>"; };
		381C00F0212F127E005BBC25 /* ru */ = {isa = PBXFileReference; lastKnownFileType = text.plist.strings; name = ru; path = ru.lproj/Localizable.strings; sourceTree = "<group>"; };
		3820283F21309267000CA9ED /* ViewController.xib */ = {isa = PBXFileReference; lastKnownFileType = file.xib; path = ViewController.xib; sourceTree = "<group>"; };
		382028412130926D000CA9ED /* ViewController.swift */ = {isa = PBXFileReference; lastKnownFileType = sourcecode.swift; path = ViewController.swift; sourceTree = "<group>"; };
		3825E665212C8E09007DE9AC /* RusTaxi.app */ = {isa = PBXFileReference; explicitFileType = wrapper.application; includeInIndex = 0; path = RusTaxi.app; sourceTree = BUILT_PRODUCTS_DIR; };
		3825E668212C8E09007DE9AC /* AppDelegate.swift */ = {isa = PBXFileReference; lastKnownFileType = sourcecode.swift; path = AppDelegate.swift; sourceTree = "<group>"; };
		3825E66F212C8E0B007DE9AC /* Assets.xcassets */ = {isa = PBXFileReference; lastKnownFileType = folder.assetcatalog; path = Assets.xcassets; sourceTree = "<group>"; };
		3825E672212C8E0C007DE9AC /* Base */ = {isa = PBXFileReference; lastKnownFileType = file.storyboard; name = Base; path = Base.lproj/LaunchScreen.storyboard; sourceTree = "<group>"; };
		3825E674212C8E0C007DE9AC /* Info.plist */ = {isa = PBXFileReference; lastKnownFileType = text.plist.xml; path = Info.plist; sourceTree = "<group>"; };
		382B77E4214C1BD200E3D7E6 /* Wish.swift */ = {isa = PBXFileReference; lastKnownFileType = sourcecode.swift; path = Wish.swift; sourceTree = "<group>"; };
		383B9C48212E00C90053C887 /* HeaderView.xib */ = {isa = PBXFileReference; lastKnownFileType = file.xib; path = HeaderView.xib; sourceTree = "<group>"; };
		383B9C4A212E00E30053C887 /* HeaderView.swift */ = {isa = PBXFileReference; lastKnownFileType = sourcecode.swift; path = HeaderView.swift; sourceTree = "<group>"; };
		383B9C4D212E055B0053C887 /* TextFieldCell.swift */ = {isa = PBXFileReference; lastKnownFileType = sourcecode.swift; path = TextFieldCell.swift; sourceTree = "<group>"; };
		383B9C4F212E05BA0053C887 /* TextFieldCell.xib */ = {isa = PBXFileReference; lastKnownFileType = file.xib; path = TextFieldCell.xib; sourceTree = "<group>"; };
		383B9C57212E0C4D0053C887 /* PhoneTextFieldCell.swift */ = {isa = PBXFileReference; lastKnownFileType = sourcecode.swift; path = PhoneTextFieldCell.swift; sourceTree = "<group>"; };
		383B9C5A212E0C9E0053C887 /* PhoneTextFieldCell.xib */ = {isa = PBXFileReference; lastKnownFileType = file.xib; path = PhoneTextFieldCell.xib; sourceTree = "<group>"; };
		383B9C5D212E1F4D0053C887 /* ButtonCell.swift */ = {isa = PBXFileReference; lastKnownFileType = sourcecode.swift; path = ButtonCell.swift; sourceTree = "<group>"; };
		383B9C5F212E1F840053C887 /* ButtonCell.xib */ = {isa = PBXFileReference; lastKnownFileType = file.xib; path = ButtonCell.xib; sourceTree = "<group>"; };
		383B9C62212E23390053C887 /* FooterButtonView.swift */ = {isa = PBXFileReference; lastKnownFileType = sourcecode.swift; path = FooterButtonView.swift; sourceTree = "<group>"; };
		383B9C64212E23500053C887 /* FooterButtonView.xib */ = {isa = PBXFileReference; lastKnownFileType = file.xib; path = FooterButtonView.xib; sourceTree = "<group>"; };
		383E268F21500DFE00D48F99 /* PricesCell.swift */ = {isa = PBXFileReference; lastKnownFileType = sourcecode.swift; path = PricesCell.swift; sourceTree = "<group>"; };
		383E269121500E6700D48F99 /* PricesCell.xib */ = {isa = PBXFileReference; lastKnownFileType = file.xib; path = PricesCell.xib; sourceTree = "<group>"; };
		383E269321500FCC00D48F99 /* SearchCarDataSource.swift */ = {isa = PBXFileReference; lastKnownFileType = sourcecode.swift; path = SearchCarDataSource.swift; sourceTree = "<group>"; };
		38513DE121455E0A00FDD1BA /* ChooseTaxiCell.swift */ = {isa = PBXFileReference; lastKnownFileType = sourcecode.swift; path = ChooseTaxiCell.swift; sourceTree = "<group>"; };
		38513DE321455E1D00FDD1BA /* ChooseTaxiCell.xib */ = {isa = PBXFileReference; lastKnownFileType = file.xib; path = ChooseTaxiCell.xib; sourceTree = "<group>"; };
		38513DE52145750C00FDD1BA /* TaxiViewCollectionCell.swift */ = {isa = PBXFileReference; lastKnownFileType = sourcecode.swift; path = TaxiViewCollectionCell.swift; sourceTree = "<group>"; };
		38513DE92145753E00FDD1BA /* TaxiViewCollectionCell.xib */ = {isa = PBXFileReference; lastKnownFileType = file.xib; path = TaxiViewCollectionCell.xib; sourceTree = "<group>"; };
		38513DED2147F69E00FDD1BA /* CallTaxiCell.swift */ = {isa = PBXFileReference; lastKnownFileType = sourcecode.swift; path = CallTaxiCell.swift; sourceTree = "<group>"; };
		38513DEF2147F6CB00FDD1BA /* CallTaxiCell.xib */ = {isa = PBXFileReference; lastKnownFileType = file.xib; path = CallTaxiCell.xib; sourceTree = "<group>"; };
		385E7237213F7EF200CFF2A9 /* Address.swift */ = {isa = PBXFileReference; lastKnownFileType = sourcecode.swift; path = Address.swift; sourceTree = "<group>"; };
		3873AB45214AD0BB00484C86 /* WishesController.swift */ = {isa = PBXFileReference; lastKnownFileType = sourcecode.swift; path = WishesController.swift; sourceTree = "<group>"; };
		3873AB47214AD0C300484C86 /* WishesController.xib */ = {isa = PBXFileReference; lastKnownFileType = file.xib; path = WishesController.xib; sourceTree = "<group>"; };
		3873AB4C214AD30000484C86 /* WishesCell.swift */ = {isa = PBXFileReference; lastKnownFileType = sourcecode.swift; path = WishesCell.swift; sourceTree = "<group>"; };
		3873AB4E214AD30E00484C86 /* WishesCell.xib */ = {isa = PBXFileReference; lastKnownFileType = file.xib; path = WishesCell.xib; sourceTree = "<group>"; };
		3877E85C214D433C009DAA44 /* TaxiTypeModel.swift */ = {isa = PBXFileReference; lastKnownFileType = sourcecode.swift; path = TaxiTypeModel.swift; sourceTree = "<group>"; };
		38DC8791215283E800A621D0 /* AcceptView.swift */ = {isa = PBXFileReference; lastKnownFileType = sourcecode.swift; path = AcceptView.swift; sourceTree = "<group>"; };
		38DC8793215283F100A621D0 /* AcceptView.xib */ = {isa = PBXFileReference; lastKnownFileType = file.xib; path = AcceptView.xib; sourceTree = "<group>"; };
		38A4C08321500805003597C0 /* DriverOnWayDataSource.swift */ = {isa = PBXFileReference; lastKnownFileType = sourcecode.swift; path = DriverOnWayDataSource.swift; sourceTree = "<group>"; };
		38B03BE3214D9A46007DBF45 /* MainControllerDataSource.swift */ = {isa = PBXFileReference; lastKnownFileType = sourcecode.swift; path = MainControllerDataSource.swift; sourceTree = "<group>"; };
		38B03BE5214E4DA6007DBF45 /* OnDriveDataSource.swift */ = {isa = PBXFileReference; lastKnownFileType = sourcecode.swift; path = OnDriveDataSource.swift; sourceTree = "<group>"; };
		38B03BE8214E592D007DBF45 /* DriveDetailsCell.swift */ = {isa = PBXFileReference; lastKnownFileType = sourcecode.swift; path = DriveDetailsCell.swift; sourceTree = "<group>"; };
		38B03BEA214E5936007DBF45 /* DriveDetailsCell.xib */ = {isa = PBXFileReference; lastKnownFileType = file.xib; path = DriveDetailsCell.xib; sourceTree = "<group>"; };
		38B03BED214E5AD4007DBF45 /* DriverDetailsCell.swift */ = {isa = PBXFileReference; lastKnownFileType = sourcecode.swift; path = DriverDetailsCell.swift; sourceTree = "<group>"; };
		38B03BEF214E5B4F007DBF45 /* DriverDetailsCell.xib */ = {isa = PBXFileReference; lastKnownFileType = file.xib; path = DriverDetailsCell.xib; sourceTree = "<group>"; };
		38E4AC8D214FF2BB003B66C2 /* PropertiesCell.swift */ = {isa = PBXFileReference; lastKnownFileType = sourcecode.swift; path = PropertiesCell.swift; sourceTree = "<group>"; };
		38E85C33212E518000ECCCE8 /* PresenterViewController.swift */ = {isa = PBXFileReference; lastKnownFileType = sourcecode.swift; path = PresenterViewController.swift; sourceTree = "<group>"; };
		38E85C35212E518D00ECCCE8 /* PresenterViewController.xib */ = {isa = PBXFileReference; lastKnownFileType = file.xib; path = PresenterViewController.xib; sourceTree = "<group>"; };
		38E85C38212E52E700ECCCE8 /* CountryCell.swift */ = {isa = PBXFileReference; lastKnownFileType = sourcecode.swift; path = CountryCell.swift; sourceTree = "<group>"; };
		38E85C3A212E52F300ECCCE8 /* CountryCell.xib */ = {isa = PBXFileReference; lastKnownFileType = file.xib; path = CountryCell.xib; sourceTree = "<group>"; };
		38E9D06621394A820088A6D5 /* MainController.swift */ = {isa = PBXFileReference; lastKnownFileType = sourcecode.swift; name = MainController.swift; path = "RusTaxi/Classes/Screens/VC/SlideShow Controller/MainController.swift"; sourceTree = SOURCE_ROOT; };
		38E9D06821394A8D0088A6D5 /* MainController.xib */ = {isa = PBXFileReference; lastKnownFileType = file.xib; path = MainController.xib; sourceTree = "<group>"; };
		38E9D0722139BF2A0088A6D5 /* AddressCell.swift */ = {isa = PBXFileReference; lastKnownFileType = sourcecode.swift; path = AddressCell.swift; sourceTree = "<group>"; };
		38E9D0742139BF360088A6D5 /* AddressCell.xib */ = {isa = PBXFileReference; lastKnownFileType = file.xib; path = AddressCell.xib; sourceTree = "<group>"; };
		38E9D076213BC09B0088A6D5 /* HeaderCell.swift */ = {isa = PBXFileReference; lastKnownFileType = sourcecode.swift; path = HeaderCell.swift; sourceTree = "<group>"; };
		38E9D078213BC0A30088A6D5 /* HeaderCell.xib */ = {isa = PBXFileReference; lastKnownFileType = file.xib; path = HeaderCell.xib; sourceTree = "<group>"; };
		38E9D07B213BC3800088A6D5 /* SettingsCell.swift */ = {isa = PBXFileReference; lastKnownFileType = sourcecode.swift; path = SettingsCell.swift; sourceTree = "<group>"; };
		38E9D07D213BC38A0088A6D5 /* SettingsCell.xib */ = {isa = PBXFileReference; lastKnownFileType = file.xib; path = SettingsCell.xib; sourceTree = "<group>"; };
		38F4F761212F3E2700CF80FE /* SlideshowController.swift */ = {isa = PBXFileReference; lastKnownFileType = sourcecode.swift; path = SlideshowController.swift; sourceTree = "<group>"; };
		38F4F763212F3E4A00CF80FE /* SlideshowController.xib */ = {isa = PBXFileReference; lastKnownFileType = file.xib; path = SlideshowController.xib; sourceTree = "<group>"; };
		38F4F765212F419200CF80FE /* Slide.xib */ = {isa = PBXFileReference; lastKnownFileType = file.xib; path = Slide.xib; sourceTree = "<group>"; };
		38F4F767212F5A2000CF80FE /* Slide.swift */ = {isa = PBXFileReference; lastKnownFileType = sourcecode.swift; path = Slide.swift; sourceTree = "<group>"; };
		38F4F76A212F5C1500CF80FE /* Extensions.swift */ = {isa = PBXFileReference; lastKnownFileType = sourcecode.swift; path = Extensions.swift; sourceTree = "<group>"; };
		38FDDC3F2136052B00D3DEF1 /* UserInformation.swift */ = {isa = PBXFileReference; lastKnownFileType = sourcecode.swift; path = UserInformation.swift; sourceTree = "<group>"; };
		7C19EC11212DDBA700EFF008 /* Sinder.swift */ = {isa = PBXFileReference; fileEncoding = 4; lastKnownFileType = sourcecode.swift; path = Sinder.swift; sourceTree = "<group>"; };
		7C19EC14212DDBD600EFF008 /* NibLoadable.swift */ = {isa = PBXFileReference; lastKnownFileType = sourcecode.swift; path = NibLoadable.swift; sourceTree = "<group>"; };
		7C19EC17212DDD5600EFF008 /* Router.swift */ = {isa = PBXFileReference; lastKnownFileType = sourcecode.swift; path = Router.swift; sourceTree = "<group>"; };
		7C19EC19212DDE6100EFF008 /* Localize.swift */ = {isa = PBXFileReference; lastKnownFileType = sourcecode.swift; path = Localize.swift; sourceTree = "<group>"; };
		7C3EF6B2214C142A009F08B3 /* OrderManager.swift */ = {isa = PBXFileReference; lastKnownFileType = sourcecode.swift; path = OrderManager.swift; sourceTree = "<group>"; };
		7C3EF6B6214C14CA009F08B3 /* NewOrderRequest.swift */ = {isa = PBXFileReference; lastKnownFileType = sourcecode.swift; path = NewOrderRequest.swift; sourceTree = "<group>"; };
		7C3EF6B8214C168A009F08B3 /* SourceModel.swift */ = {isa = PBXFileReference; lastKnownFileType = sourcecode.swift; path = SourceModel.swift; sourceTree = "<group>"; };
		7C3EF6BB214C19B0009F08B3 /* NewOrderResponse.swift */ = {isa = PBXFileReference; lastKnownFileType = sourcecode.swift; path = NewOrderResponse.swift; sourceTree = "<group>"; };
		7C3EF6BD214C1B87009F08B3 /* Tariff.swift */ = {isa = PBXFileReference; lastKnownFileType = sourcecode.swift; path = Tariff.swift; sourceTree = "<group>"; };
		7C3EF6BF214C1C76009F08B3 /* Requirement.swift */ = {isa = PBXFileReference; lastKnownFileType = sourcecode.swift; path = Requirement.swift; sourceTree = "<group>"; };
		7C3EF6C2214C273E009F08B3 /* Storage.swift */ = {isa = PBXFileReference; lastKnownFileType = sourcecode.swift; path = Storage.swift; sourceTree = "<group>"; };
		7C8A06E121323075009E9EE0 /* RusTaxiTests.xctest */ = {isa = PBXFileReference; explicitFileType = wrapper.cfbundle; includeInIndex = 0; path = RusTaxiTests.xctest; sourceTree = BUILT_PRODUCTS_DIR; };
		7C8A06E321323075009E9EE0 /* RusTaxiTests.swift */ = {isa = PBXFileReference; lastKnownFileType = sourcecode.swift; path = RusTaxiTests.swift; sourceTree = "<group>"; };
		7C8A06E521323075009E9EE0 /* Info.plist */ = {isa = PBXFileReference; lastKnownFileType = text.plist.xml; path = Info.plist; sourceTree = "<group>"; };
		7C8A06EB21323088009E9EE0 /* PhoneFormatterTests.swift */ = {isa = PBXFileReference; lastKnownFileType = sourcecode.swift; path = PhoneFormatterTests.swift; sourceTree = "<group>"; };
		7C8A06EE21323382009E9EE0 /* AuthManager.swift */ = {isa = PBXFileReference; lastKnownFileType = sourcecode.swift; path = AuthManager.swift; sourceTree = "<group>"; };
		7C8A06F021323394009E9EE0 /* BaseManager.swift */ = {isa = PBXFileReference; lastKnownFileType = sourcecode.swift; path = BaseManager.swift; sourceTree = "<group>"; };
		7CC81B222134177E00D7347A /* JSONStringTests.swift */ = {isa = PBXFileReference; lastKnownFileType = sourcecode.swift; path = JSONStringTests.swift; sourceTree = "<group>"; };
		7CFD2E82214FD65C00D5E197 /* NewOrderDataProvider.swift */ = {isa = PBXFileReference; lastKnownFileType = sourcecode.swift; path = NewOrderDataProvider.swift; sourceTree = "<group>"; };
		7CFD2E84214FD7A300D5E197 /* AddressManager.swift */ = {isa = PBXFileReference; lastKnownFileType = sourcecode.swift; path = AddressManager.swift; sourceTree = "<group>"; };
		7CFD2E86214FDA2D00D5E197 /* SearchAddressModel.swift */ = {isa = PBXFileReference; lastKnownFileType = sourcecode.swift; path = SearchAddressModel.swift; sourceTree = "<group>"; };
		7CFD2E88214FDF3900D5E197 /* ChatManager.swift */ = {isa = PBXFileReference; lastKnownFileType = sourcecode.swift; path = ChatManager.swift; sourceTree = "<group>"; };
		7CFD2E8C214FE53A00D5E197 /* MessageModel.swift */ = {isa = PBXFileReference; lastKnownFileType = sourcecode.swift; path = MessageModel.swift; sourceTree = "<group>"; };
		7CFD2E8E214FE6C200D5E197 /* CheckOrderModel.swift */ = {isa = PBXFileReference; lastKnownFileType = sourcecode.swift; path = CheckOrderModel.swift; sourceTree = "<group>"; };
		7CFD2E91214FE74800D5E197 /* OfferDriverModel.swift */ = {isa = PBXFileReference; lastKnownFileType = sourcecode.swift; path = OfferDriverModel.swift; sourceTree = "<group>"; };
		7CFD2E93214FE7A300D5E197 /* CauseOrderModel.swift */ = {isa = PBXFileReference; lastKnownFileType = sourcecode.swift; path = CauseOrderModel.swift; sourceTree = "<group>"; };
		7CFD2E96214FE9BB00D5E197 /* TimerInteractor.swift */ = {isa = PBXFileReference; lastKnownFileType = sourcecode.swift; path = TimerInteractor.swift; sourceTree = "<group>"; };
		7CFD2E99214FE9EA00D5E197 /* Time.swift */ = {isa = PBXFileReference; lastKnownFileType = sourcecode.swift; path = Time.swift; sourceTree = "<group>"; };
		7CFD2E9B214FEBC800D5E197 /* MapDataProvider.swift */ = {isa = PBXFileReference; lastKnownFileType = sourcecode.swift; path = MapDataProvider.swift; sourceTree = "<group>"; };
		7CFD2E9D2150007900D5E197 /* UserManager.swift */ = {isa = PBXFileReference; lastKnownFileType = sourcecode.swift; path = UserManager.swift; sourceTree = "<group>"; };
		7CFD2EA0215000B400D5E197 /* UserInfoModel.swift */ = {isa = PBXFileReference; lastKnownFileType = sourcecode.swift; path = UserInfoModel.swift; sourceTree = "<group>"; };
		7CFD2EA3215001FC00D5E197 /* TypePay.swift */ = {isa = PBXFileReference; lastKnownFileType = sourcecode.swift; path = TypePay.swift; sourceTree = "<group>"; };
		7CFD2EA52150023400D5E197 /* Equip.swift */ = {isa = PBXFileReference; lastKnownFileType = sourcecode.swift; path = Equip.swift; sourceTree = "<group>"; };
		7CFD2EA721500E4100D5E197 /* NearCarResponse.swift */ = {isa = PBXFileReference; lastKnownFileType = sourcecode.swift; path = NearCarResponse.swift; sourceTree = "<group>"; };
		7CFD2EAD215010F500D5E197 /* Constants.swift */ = {isa = PBXFileReference; fileEncoding = 4; lastKnownFileType = sourcecode.swift; path = Constants.swift; sourceTree = "<group>"; };
		7CFD2EAE215010F500D5E197 /* Extensions.swift */ = {isa = PBXFileReference; fileEncoding = 4; lastKnownFileType = sourcecode.swift; path = Extensions.swift; sourceTree = "<group>"; };
		7CFD2EAF215010F500D5E197 /* JSONString.swift */ = {isa = PBXFileReference; fileEncoding = 4; lastKnownFileType = sourcecode.swift; path = JSONString.swift; sourceTree = "<group>"; };
		7CFD2EB0215010F500D5E197 /* Typealiases.swift */ = {isa = PBXFileReference; fileEncoding = 4; lastKnownFileType = sourcecode.swift; path = Typealiases.swift; sourceTree = "<group>"; };
		7CFD2EB2215010F500D5E197 /* PhoneFormatterHelper.swift */ = {isa = PBXFileReference; fileEncoding = 4; lastKnownFileType = sourcecode.swift; path = PhoneFormatterHelper.swift; sourceTree = "<group>"; };
		7CFD2EB82150111900D5E197 /* UserInformation.swift */ = {isa = PBXFileReference; fileEncoding = 4; lastKnownFileType = sourcecode.swift; path = UserInformation.swift; sourceTree = "<group>"; };
		A26E0D13497BAC52E9464C56 /* Pods-RusTaxi.debug.xcconfig */ = {isa = PBXFileReference; includeInIndex = 1; lastKnownFileType = text.xcconfig; name = "Pods-RusTaxi.debug.xcconfig"; path = "Pods/Target Support Files/Pods-RusTaxi/Pods-RusTaxi.debug.xcconfig"; sourceTree = "<group>"; };
		AA6917A158EE3C7B36F672EB /* Pods_RusTaxi.framework */ = {isa = PBXFileReference; explicitFileType = wrapper.framework; includeInIndex = 0; path = Pods_RusTaxi.framework; sourceTree = BUILT_PRODUCTS_DIR; };
		D3533C998158B18D1132825B /* Pods-RusTaxi.release.xcconfig */ = {isa = PBXFileReference; includeInIndex = 1; lastKnownFileType = text.xcconfig; name = "Pods-RusTaxi.release.xcconfig"; path = "Pods/Target Support Files/Pods-RusTaxi/Pods-RusTaxi.release.xcconfig"; sourceTree = "<group>"; };
/* End PBXFileReference section */

/* Begin PBXFrameworksBuildPhase section */
		3825E662212C8E09007DE9AC /* Frameworks */ = {
			isa = PBXFrameworksBuildPhase;
			buildActionMask = 2147483647;
			files = (
				9870515E984ADF19AC6B8C08 /* Pods_RusTaxi.framework in Frameworks */,
			);
			runOnlyForDeploymentPostprocessing = 0;
		};
		7C8A06DE21323075009E9EE0 /* Frameworks */ = {
			isa = PBXFrameworksBuildPhase;
			buildActionMask = 2147483647;
			files = (
			);
			runOnlyForDeploymentPostprocessing = 0;
		};
/* End PBXFrameworksBuildPhase section */

/* Begin PBXGroup section */
		3817AACC214BADCA00E7F130 /* Pay Alert Controller  */ = {
			isa = PBXGroup;
			children = (
				3817AACD214BAE0300E7F130 /* PayAlertController.swift */,
			);
			path = "Pay Alert Controller ";
			sourceTree = "<group>";
		};
		381C00E8212F1157005BBC25 /* Localization */ = {
			isa = PBXGroup;
			children = (
				381C00ED212F1193005BBC25 /* Localizable.strings */,
			);
			path = Localization;
			sourceTree = "<group>";
		};
		3820283E21309211000CA9ED /* Recovered References */ = {
			isa = PBXGroup;
			children = (
				38F4F76A212F5C1500CF80FE /* Extensions.swift */,
			);
			name = "Recovered References";
			sourceTree = "<group>";
		};
		3820284321309271000CA9ED /* View Controller */ = {
			isa = PBXGroup;
			children = (
				382028412130926D000CA9ED /* ViewController.swift */,
				3820283F21309267000CA9ED /* ViewController.xib */,
			);
			name = "View Controller";
			path = "../View Controller";
			sourceTree = "<group>";
		};
		382028442130944E000CA9ED /* Slide */ = {
			isa = PBXGroup;
			children = (
				38F4F767212F5A2000CF80FE /* Slide.swift */,
				38F4F765212F419200CF80FE /* Slide.xib */,
			);
			path = Slide;
			sourceTree = "<group>";
		};
		3825E65C212C8E09007DE9AC = {
			isa = PBXGroup;
			children = (
				3825E667212C8E09007DE9AC /* RusTaxi */,
				3825E674212C8E0C007DE9AC /* Info.plist */,
				7C8A06E221323075009E9EE0 /* RusTaxiTests */,
				3825E666212C8E09007DE9AC /* Products */,
				E3FB69F9EACF86579ADDEB23 /* Pods */,
				49E258B2FD0EC489216D9B6B /* Frameworks */,
				3820283E21309211000CA9ED /* Recovered References */,
			);
			sourceTree = "<group>";
		};
		3825E666212C8E09007DE9AC /* Products */ = {
			isa = PBXGroup;
			children = (
				3825E665212C8E09007DE9AC /* RusTaxi.app */,
				7C8A06E121323075009E9EE0 /* RusTaxiTests.xctest */,
			);
			name = Products;
			sourceTree = "<group>";
		};
		3825E667212C8E09007DE9AC /* RusTaxi */ = {
			isa = PBXGroup;
			children = (
				381C00E8212F1157005BBC25 /* Localization */,
				7C19EC0B212DDB3700EFF008 /* Classes */,
				7CFD2EAC215010F500D5E197 /* Help Files */,
				38F8E620214BAD8A00543163 /* Custom Classes */,
				38FDDC3E213604A600D3DEF1 /* Models */,
				7C19EC0C212DDB4800EFF008 /* Resources */,
			);
			path = RusTaxi;
			sourceTree = "<group>";
		};
		383B9C47212E00A90053C887 /* Header View */ = {
			isa = PBXGroup;
			children = (
				383B9C4A212E00E30053C887 /* HeaderView.swift */,
				383B9C48212E00C90053C887 /* HeaderView.xib */,
			);
			path = "Header View";
			sourceTree = "<group>";
		};
		383B9C4C212E05330053C887 /* TextField Cell */ = {
			isa = PBXGroup;
			children = (
				383B9C4D212E055B0053C887 /* TextFieldCell.swift */,
				383B9C4F212E05BA0053C887 /* TextFieldCell.xib */,
			);
			path = "TextField Cell";
			sourceTree = "<group>";
		};
		383B9C56212E0C160053C887 /* Cells */ = {
			isa = PBXGroup;
			children = (
				3873AB49214AD2C700484C86 /* WishesVC Cellls */,
				38E9D06B2139579B0088A6D5 /* MainController's Cells */,
				38E9D06A2139577C0088A6D5 /* ViewController's Cells */,
				7C12A7F02136E49A0056D3BB /* Code TextField Cell */,
			);
			path = Cells;
			sourceTree = "<group>";
		};
		383B9C59212E0C570053C887 /* Phone TextField Cell */ = {
			isa = PBXGroup;
			children = (
				383B9C57212E0C4D0053C887 /* PhoneTextFieldCell.swift */,
				383B9C5A212E0C9E0053C887 /* PhoneTextFieldCell.xib */,
			);
			path = "Phone TextField Cell";
			sourceTree = "<group>";
		};
		383B9C5C212E1F2C0053C887 /* Button Cell */ = {
			isa = PBXGroup;
			children = (
				383B9C5D212E1F4D0053C887 /* ButtonCell.swift */,
				383B9C5F212E1F840053C887 /* ButtonCell.xib */,
			);
			path = "Button Cell";
			sourceTree = "<group>";
		};
		383B9C61212E21BF0053C887 /* Footer Button View */ = {
			isa = PBXGroup;
			children = (
				383B9C62212E23390053C887 /* FooterButtonView.swift */,
				383B9C64212E23500053C887 /* FooterButtonView.xib */,
			);
			path = "Footer Button View";
			sourceTree = "<group>";
		};
		383B9C67212E30D20053C887 /* Custom Views */ = {
			isa = PBXGroup;
			children = (
				38DC8790215283D100A621D0 /* Accept View */,
				382028442130944E000CA9ED /* Slide */,
				383B9C47212E00A90053C887 /* Header View */,
				383B9C61212E21BF0053C887 /* Footer Button View */,
			);
			path = "Custom Views";
			sourceTree = "<group>";
		};
		383E268E21500DEB00D48F99 /* Prices Cell */ = {
			isa = PBXGroup;
			children = (
				383E268F21500DFE00D48F99 /* PricesCell.swift */,
				383E269121500E6700D48F99 /* PricesCell.xib */,
			);
			path = "Prices Cell";
			sourceTree = "<group>";
		};
		38513DE021455DD800FDD1BA /* ChooseTaxi Cell */ = {
			isa = PBXGroup;
			children = (
				38513DE121455E0A00FDD1BA /* ChooseTaxiCell.swift */,
				38513DE321455E1D00FDD1BA /* ChooseTaxiCell.xib */,
				38513DE52145750C00FDD1BA /* TaxiViewCollectionCell.swift */,
				38513DE92145753E00FDD1BA /* TaxiViewCollectionCell.xib */,
			);
			path = "ChooseTaxi Cell";
			sourceTree = "<group>";
		};
		38513DEC2147F68500FDD1BA /* CallTaxi Cell */ = {
			isa = PBXGroup;
			children = (
				38513DED2147F69E00FDD1BA /* CallTaxiCell.swift */,
				38513DEF2147F6CB00FDD1BA /* CallTaxiCell.xib */,
			);
			path = "CallTaxi Cell";
			sourceTree = "<group>";
		};
		3873AB44214AD0A200484C86 /* Wishes Controller */ = {
			isa = PBXGroup;
			children = (
				3873AB45214AD0BB00484C86 /* WishesController.swift */,
				3873AB47214AD0C300484C86 /* WishesController.xib */,
			);
			path = "Wishes Controller";
			sourceTree = "<group>";
		};
		3873AB49214AD2C700484C86 /* WishesVC Cellls */ = {
			isa = PBXGroup;
			children = (
				3873AB4A214AD2DE00484C86 /* Wishes Cell */,
			);
			path = "WishesVC Cellls";
			sourceTree = "<group>";
		};
		3873AB4A214AD2DE00484C86 /* Wishes Cell */ = {
			isa = PBXGroup;
			children = (
				3873AB4C214AD30000484C86 /* WishesCell.swift */,
				3873AB4E214AD30E00484C86 /* WishesCell.xib */,
			);
			path = "Wishes Cell";
			sourceTree = "<group>";
		};
		38DC8790215283D100A621D0 /* Accept View */ = {
			isa = PBXGroup;
			children = (
				38DC8791215283E800A621D0 /* AcceptView.swift */,
				38DC8793215283F100A621D0 /* AcceptView.xib */,
			);
			path = "Accept View";
			sourceTree = "<group>";
		};
		38B03BE7214E58C5007DBF45 /* Drive Details Cell */ = {
			isa = PBXGroup;
			children = (
				38B03BE8214E592D007DBF45 /* DriveDetailsCell.swift */,
				38B03BEA214E5936007DBF45 /* DriveDetailsCell.xib */,
			);
			path = "Drive Details Cell";
			sourceTree = "<group>";
		};
		38B03BEC214E5AA1007DBF45 /* Driver Details Cell */ = {
			isa = PBXGroup;
			children = (
				38B03BED214E5AD4007DBF45 /* DriverDetailsCell.swift */,
				38B03BEF214E5B4F007DBF45 /* DriverDetailsCell.xib */,
			);
			path = "Driver Details Cell";
			sourceTree = "<group>";
		};
		38E4AC8C214FF23C003B66C2 /* Properties Cell */ = {
			isa = PBXGroup;
			children = (
				38E4AC8D214FF2BB003B66C2 /* PropertiesCell.swift */,
				380327E5214FF2E2001F85BD /* PropertiesCell.xib */,
			);
			path = "Properties Cell";
			sourceTree = "<group>";
		};
		38E85C31212E514900ECCCE8 /* VC */ = {
			isa = PBXGroup;
			children = (
				3873AB44214AD0A200484C86 /* Wishes Controller */,
				38E9D06521394A5D0088A6D5 /* Main Controller */,
				38F4F760212F3CFE00CF80FE /* SlideShow Controller */,
				3820284321309271000CA9ED /* View Controller */,
				38E85C32212E516700ECCCE8 /* Presenter View Controller */,
			);
			path = VC;
			sourceTree = "<group>";
		};
		38E85C32212E516700ECCCE8 /* Presenter View Controller */ = {
			isa = PBXGroup;
			children = (
				38E85C33212E518000ECCCE8 /* PresenterViewController.swift */,
				38E85C35212E518D00ECCCE8 /* PresenterViewController.xib */,
			);
			path = "Presenter View Controller";
			sourceTree = "<group>";
		};
		38E85C37212E52CD00ECCCE8 /* Country Cell */ = {
			isa = PBXGroup;
			children = (
				38E85C38212E52E700ECCCE8 /* CountryCell.swift */,
				38E85C3A212E52F300ECCCE8 /* CountryCell.xib */,
			);
			path = "Country Cell";
			sourceTree = "<group>";
		};
		38E9D06521394A5D0088A6D5 /* Main Controller */ = {
			isa = PBXGroup;
			children = (
				38E9D06621394A820088A6D5 /* MainController.swift */,
				38E9D06821394A8D0088A6D5 /* MainController.xib */,
			);
			path = "Main Controller";
			sourceTree = "<group>";
		};
		38E9D06A2139577C0088A6D5 /* ViewController's Cells */ = {
			isa = PBXGroup;
			children = (
				38E85C37212E52CD00ECCCE8 /* Country Cell */,
				383B9C5C212E1F2C0053C887 /* Button Cell */,
				383B9C4C212E05330053C887 /* TextField Cell */,
				383B9C59212E0C570053C887 /* Phone TextField Cell */,
			);
			path = "ViewController's Cells";
			sourceTree = "<group>";
		};
		38E9D06B2139579B0088A6D5 /* MainController's Cells */ = {
			isa = PBXGroup;
			children = (
				383E268E21500DEB00D48F99 /* Prices Cell */,
				38E4AC8C214FF23C003B66C2 /* Properties Cell */,
				38B03BEC214E5AA1007DBF45 /* Driver Details Cell */,
				38B03BE7214E58C5007DBF45 /* Drive Details Cell */,
				38513DEC2147F68500FDD1BA /* CallTaxi Cell */,
				38513DE021455DD800FDD1BA /* ChooseTaxi Cell */,
				38E9D07A213BC3330088A6D5 /* Settings Cell */,
				38E9D0712139BF0B0088A6D5 /* Address Cell */,
				38E9D06C213958290088A6D5 /* Header Cell */,
			);
			path = "MainController's Cells";
			sourceTree = "<group>";
		};
		38E9D06C213958290088A6D5 /* Header Cell */ = {
			isa = PBXGroup;
			children = (
				38E9D076213BC09B0088A6D5 /* HeaderCell.swift */,
				38E9D078213BC0A30088A6D5 /* HeaderCell.xib */,
			);
			path = "Header Cell";
			sourceTree = "<group>";
		};
		38E9D0712139BF0B0088A6D5 /* Address Cell */ = {
			isa = PBXGroup;
			children = (
				38E9D0722139BF2A0088A6D5 /* AddressCell.swift */,
				38E9D0742139BF360088A6D5 /* AddressCell.xib */,
			);
			path = "Address Cell";
			sourceTree = "<group>";
		};
		38E9D07A213BC3330088A6D5 /* Settings Cell */ = {
			isa = PBXGroup;
			children = (
				38E9D07B213BC3800088A6D5 /* SettingsCell.swift */,
				38E9D07D213BC38A0088A6D5 /* SettingsCell.xib */,
			);
			path = "Settings Cell";
			sourceTree = "<group>";
		};
		38F4F760212F3CFE00CF80FE /* SlideShow Controller */ = {
			isa = PBXGroup;
			children = (
				38F4F761212F3E2700CF80FE /* SlideshowController.swift */,
				38F4F763212F3E4A00CF80FE /* SlideshowController.xib */,
			);
			path = "SlideShow Controller";
			sourceTree = "<group>";
		};
		38F8E620214BAD8A00543163 /* Custom Classes */ = {
			isa = PBXGroup;
			children = (
				3817AACC214BADCA00E7F130 /* Pay Alert Controller  */,
			);
			name = "Custom Classes";
			path = Classes;
			sourceTree = "<group>";
		};
		38FDDC3E213604A600D3DEF1 /* Models */ = {
			isa = PBXGroup;
			children = (
				38FDDC3F2136052B00D3DEF1 /* UserInformation.swift */,
				382B77E4214C1BD200E3D7E6 /* Wish.swift */,
				385E7237213F7EF200CFF2A9 /* Address.swift */,
				3877E85C214D433C009DAA44 /* TaxiTypeModel.swift */,
				38B03BE3214D9A46007DBF45 /* MainControllerDataSource.swift */,
				38B03BE5214E4DA6007DBF45 /* OnDriveDataSource.swift */,
				383E269321500FCC00D48F99 /* SearchCarDataSource.swift */,
				38A4C08321500805003597C0 /* DriverOnWayDataSource.swift */,
			);
			path = Models;
			sourceTree = "<group>";
		};
		49E258B2FD0EC489216D9B6B /* Frameworks */ = {
			isa = PBXGroup;
			children = (
				AA6917A158EE3C7B36F672EB /* Pods_RusTaxi.framework */,
			);
			name = Frameworks;
			sourceTree = "<group>";
		};
		7C12A7F02136E49A0056D3BB /* Code TextField Cell */ = {
			isa = PBXGroup;
			children = (
			);
			path = "Code TextField Cell";
			sourceTree = "<group>";
		};
		7C19EC0B212DDB3700EFF008 /* Classes */ = {
			isa = PBXGroup;
			children = (
				3825E668212C8E09007DE9AC /* AppDelegate.swift */,
				7CFD2E81214FD63700D5E197 /* Data Providers */,
				7C19EC0D212DDB6A00EFF008 /* Screens */,
				7C3EF6C1214C2731009F08B3 /* Storage */,
				7C3EF6B5214C1489009F08B3 /* Models */,
				7CFD2E95214FE9A300D5E197 /* Interactors */,
				7C8A06ED21323343009E9EE0 /* Managers */,
				7C19EC16212DDCE500EFF008 /* Architecture Files */,
				7C19EC13212DDBCC00EFF008 /* Protocols */,
				7C19EC10212DDB8000EFF008 /* Utilites */,
			);
			path = Classes;
			sourceTree = "<group>";
		};
		7C19EC0C212DDB4800EFF008 /* Resources */ = {
			isa = PBXGroup;
			children = (
				3825E66F212C8E0B007DE9AC /* Assets.xcassets */,
				3825E671212C8E0C007DE9AC /* LaunchScreen.storyboard */,
			);
			path = Resources;
			sourceTree = "<group>";
		};
		7C19EC0D212DDB6A00EFF008 /* Screens */ = {
			isa = PBXGroup;
			children = (
				38E85C31212E514900ECCCE8 /* VC */,
				383B9C67212E30D20053C887 /* Custom Views */,
				383B9C56212E0C160053C887 /* Cells */,
			);
			path = Screens;
			sourceTree = "<group>";
		};
		7C19EC10212DDB8000EFF008 /* Utilites */ = {
			isa = PBXGroup;
			children = (
				7C19EC11212DDBA700EFF008 /* Sinder.swift */,
				7C19EC19212DDE6100EFF008 /* Localize.swift */,
			);
			path = Utilites;
			sourceTree = "<group>";
		};
		7C19EC13212DDBCC00EFF008 /* Protocols */ = {
			isa = PBXGroup;
			children = (
				7C19EC14212DDBD600EFF008 /* NibLoadable.swift */,
			);
			path = Protocols;
			sourceTree = "<group>";
		};
		7C19EC16212DDCE500EFF008 /* Architecture Files */ = {
			isa = PBXGroup;
			children = (
				7C19EC17212DDD5600EFF008 /* Router.swift */,
			);
			path = "Architecture Files";
			sourceTree = "<group>";
		};
		7C3EF6B5214C1489009F08B3 /* Models */ = {
			isa = PBXGroup;
			children = (
				7CFD2EB82150111900D5E197 /* UserInformation.swift */,
				7CFD2E8A214FE51F00D5E197 /* Chat */,
				7C3EF6BA214C19A0009F08B3 /* Order */,
				7CFD2E8B214FE52500D5E197 /* Address */,
				7CFD2E90214FE73D00D5E197 /* Driver */,
				7C3EF6BF214C1C76009F08B3 /* Requirement.swift */,
				7CFD2E9F2150009E00D5E197 /* User */,
				7CFD2EA2215001F200D5E197 /* Tariff */,
			);
			path = Models;
			sourceTree = "<group>";
		};
		7C3EF6BA214C19A0009F08B3 /* Order */ = {
			isa = PBXGroup;
			children = (
				7C3EF6B6214C14CA009F08B3 /* NewOrderRequest.swift */,
				7CFD2E93214FE7A300D5E197 /* CauseOrderModel.swift */,
				7CFD2E8E214FE6C200D5E197 /* CheckOrderModel.swift */,
				7C3EF6BB214C19B0009F08B3 /* NewOrderResponse.swift */,
			);
			path = Order;
			sourceTree = "<group>";
		};
		7C3EF6C1214C2731009F08B3 /* Storage */ = {
			isa = PBXGroup;
			children = (
				7C3EF6C2214C273E009F08B3 /* Storage.swift */,
			);
			path = Storage;
			sourceTree = "<group>";
		};
		7C8A06E221323075009E9EE0 /* RusTaxiTests */ = {
			isa = PBXGroup;
			children = (
				7C8A06E321323075009E9EE0 /* RusTaxiTests.swift */,
				7CC81B222134177E00D7347A /* JSONStringTests.swift */,
				7C8A06EB21323088009E9EE0 /* PhoneFormatterTests.swift */,
				7C8A06E521323075009E9EE0 /* Info.plist */,
			);
			path = RusTaxiTests;
			sourceTree = "<group>";
		};
		7C8A06ED21323343009E9EE0 /* Managers */ = {
			isa = PBXGroup;
			children = (
				7C8A06EE21323382009E9EE0 /* AuthManager.swift */,
				7C3EF6B2214C142A009F08B3 /* OrderManager.swift */,
				7CFD2E88214FDF3900D5E197 /* ChatManager.swift */,
				7CFD2E9D2150007900D5E197 /* UserManager.swift */,
				7CFD2E84214FD7A300D5E197 /* AddressManager.swift */,
				7C8A06F021323394009E9EE0 /* BaseManager.swift */,
			);
			path = Managers;
			sourceTree = "<group>";
		};
		7CFD2E81214FD63700D5E197 /* Data Providers */ = {
			isa = PBXGroup;
			children = (
				7CFD2E82214FD65C00D5E197 /* NewOrderDataProvider.swift */,
				7CFD2E9B214FEBC800D5E197 /* MapDataProvider.swift */,
			);
			path = "Data Providers";
			sourceTree = "<group>";
		};
		7CFD2E8A214FE51F00D5E197 /* Chat */ = {
			isa = PBXGroup;
			children = (
				7CFD2E8C214FE53A00D5E197 /* MessageModel.swift */,
			);
			path = Chat;
			sourceTree = "<group>";
		};
		7CFD2E8B214FE52500D5E197 /* Address */ = {
			isa = PBXGroup;
			children = (
				7C3EF6B8214C168A009F08B3 /* SourceModel.swift */,
				7CFD2E86214FDA2D00D5E197 /* SearchAddressModel.swift */,
			);
			path = Address;
			sourceTree = "<group>";
		};
		7CFD2E90214FE73D00D5E197 /* Driver */ = {
			isa = PBXGroup;
			children = (
				7CFD2E91214FE74800D5E197 /* OfferDriverModel.swift */,
			);
			path = Driver;
			sourceTree = "<group>";
		};
		7CFD2E95214FE9A300D5E197 /* Interactors */ = {
			isa = PBXGroup;
			children = (
				7CFD2E96214FE9BB00D5E197 /* TimerInteractor.swift */,
				7CFD2E98214FE9DF00D5E197 /* Time Model */,
			);
			path = Interactors;
			sourceTree = "<group>";
		};
		7CFD2E98214FE9DF00D5E197 /* Time Model */ = {
			isa = PBXGroup;
			children = (
				7CFD2E99214FE9EA00D5E197 /* Time.swift */,
			);
			path = "Time Model";
			sourceTree = "<group>";
		};
		7CFD2E9F2150009E00D5E197 /* User */ = {
			isa = PBXGroup;
			children = (
				7CFD2EA0215000B400D5E197 /* UserInfoModel.swift */,
			);
			path = User;
			sourceTree = "<group>";
		};
		7CFD2EA2215001F200D5E197 /* Tariff */ = {
			isa = PBXGroup;
			children = (
				7C3EF6BD214C1B87009F08B3 /* Tariff.swift */,
				7CFD2EA721500E4100D5E197 /* NearCarResponse.swift */,
				7CFD2EA3215001FC00D5E197 /* TypePay.swift */,
				7CFD2EA52150023400D5E197 /* Equip.swift */,
			);
			path = Tariff;
			sourceTree = "<group>";
		};
		7CFD2EAC215010F500D5E197 /* Help Files */ = {
			isa = PBXGroup;
			children = (
				7CFD2EAD215010F500D5E197 /* Constants.swift */,
				7CFD2EAE215010F500D5E197 /* Extensions.swift */,
				7CFD2EAF215010F500D5E197 /* JSONString.swift */,
				7CFD2EB0215010F500D5E197 /* Typealiases.swift */,
				7CFD2EB1215010F500D5E197 /* Helpers */,
			);
			name = "Help Files";
			path = "Classes/Screens/Help Files";
			sourceTree = "<group>";
		};
		7CFD2EB1215010F500D5E197 /* Helpers */ = {
			isa = PBXGroup;
			children = (
				7CFD2EB2215010F500D5E197 /* PhoneFormatterHelper.swift */,
			);
			path = Helpers;
			sourceTree = "<group>";
		};
		E3FB69F9EACF86579ADDEB23 /* Pods */ = {
			isa = PBXGroup;
			children = (
				A26E0D13497BAC52E9464C56 /* Pods-RusTaxi.debug.xcconfig */,
				D3533C998158B18D1132825B /* Pods-RusTaxi.release.xcconfig */,
			);
			name = Pods;
			sourceTree = "<group>";
		};
/* End PBXGroup section */

/* Begin PBXNativeTarget section */
		3825E664212C8E09007DE9AC /* RusTaxi */ = {
			isa = PBXNativeTarget;
			buildConfigurationList = 3825E677212C8E0C007DE9AC /* Build configuration list for PBXNativeTarget "RusTaxi" */;
			buildPhases = (
				562824599819174A31D60221 /* [CP] Check Pods Manifest.lock */,
				3825E661212C8E09007DE9AC /* Sources */,
				3825E662212C8E09007DE9AC /* Frameworks */,
				3825E663212C8E09007DE9AC /* Resources */,
				79FC32FE5E2B31A0519C9FF1 /* [CP] Embed Pods Frameworks */,
				7C258EBE213454A000E309BC /* ShellScript */,
			);
			buildRules = (
			);
			dependencies = (
			);
			name = RusTaxi;
			productName = RusTaxi;
			productReference = 3825E665212C8E09007DE9AC /* RusTaxi.app */;
			productType = "com.apple.product-type.application";
		};
		7C8A06E021323075009E9EE0 /* RusTaxiTests */ = {
			isa = PBXNativeTarget;
			buildConfigurationList = 7C8A06E821323075009E9EE0 /* Build configuration list for PBXNativeTarget "RusTaxiTests" */;
			buildPhases = (
				7C8A06DD21323075009E9EE0 /* Sources */,
				7C8A06DE21323075009E9EE0 /* Frameworks */,
				7C8A06DF21323075009E9EE0 /* Resources */,
			);
			buildRules = (
			);
			dependencies = (
				7C8A06E721323075009E9EE0 /* PBXTargetDependency */,
			);
			name = RusTaxiTests;
			productName = RusTaxiTests;
			productReference = 7C8A06E121323075009E9EE0 /* RusTaxiTests.xctest */;
			productType = "com.apple.product-type.bundle.unit-test";
		};
/* End PBXNativeTarget section */

/* Begin PBXProject section */
		3825E65D212C8E09007DE9AC /* Project object */ = {
			isa = PBXProject;
			attributes = {
				LastSwiftUpdateCheck = 0940;
				LastUpgradeCheck = 0940;
				ORGANIZATIONNAME = "App's ID";
				TargetAttributes = {
					3825E664212C8E09007DE9AC = {
						CreatedOnToolsVersion = 9.4.1;
					};
					7C8A06E021323075009E9EE0 = {
						CreatedOnToolsVersion = 9.4.1;
						TestTargetID = 3825E664212C8E09007DE9AC;
					};
				};
			};
			buildConfigurationList = 3825E660212C8E09007DE9AC /* Build configuration list for PBXProject "RusTaxi" */;
			compatibilityVersion = "Xcode 9.3";
			developmentRegion = en;
			hasScannedForEncodings = 0;
			knownRegions = (
				en,
				Base,
				ru,
			);
			mainGroup = 3825E65C212C8E09007DE9AC;
			productRefGroup = 3825E666212C8E09007DE9AC /* Products */;
			projectDirPath = "";
			projectRoot = "";
			targets = (
				3825E664212C8E09007DE9AC /* RusTaxi */,
				7C8A06E021323075009E9EE0 /* RusTaxiTests */,
			);
		};
/* End PBXProject section */

/* Begin PBXResourcesBuildPhase section */
		3825E663212C8E09007DE9AC /* Resources */ = {
			isa = PBXResourcesBuildPhase;
			buildActionMask = 2147483647;
			files = (
				38DC8794215283F100A621D0 /* AcceptView.xib in Resources */,
				38F4F766212F419200CF80FE /* Slide.xib in Resources */,
				38E85C3B212E52F300ECCCE8 /* CountryCell.xib in Resources */,
				3873AB48214AD0C300484C86 /* WishesController.xib in Resources */,
				3825E673212C8E0C007DE9AC /* LaunchScreen.storyboard in Resources */,
				38B03BEB214E5936007DBF45 /* DriveDetailsCell.xib in Resources */,
				381C00EB212F1193005BBC25 /* Localizable.strings in Resources */,
				380327E6214FF2E2001F85BD /* PropertiesCell.xib in Resources */,
				383E269221500E6700D48F99 /* PricesCell.xib in Resources */,
				3820284021309267000CA9ED /* ViewController.xib in Resources */,
				38F4F764212F3E4A00CF80FE /* SlideshowController.xib in Resources */,
				38B03BF0214E5B4F007DBF45 /* DriverDetailsCell.xib in Resources */,
				38E9D0752139BF360088A6D5 /* AddressCell.xib in Resources */,
				38E9D06921394A8D0088A6D5 /* MainController.xib in Resources */,
				38513DEA2145753E00FDD1BA /* TaxiViewCollectionCell.xib in Resources */,
				38513DE421455E1D00FDD1BA /* ChooseTaxiCell.xib in Resources */,
				38E9D079213BC0A30088A6D5 /* HeaderCell.xib in Resources */,
				383B9C50212E05BA0053C887 /* TextFieldCell.xib in Resources */,
				383B9C65212E23500053C887 /* FooterButtonView.xib in Resources */,
				3825E670212C8E0C007DE9AC /* Assets.xcassets in Resources */,
				38E9D07E213BC38A0088A6D5 /* SettingsCell.xib in Resources */,
				38513DF02147F6CB00FDD1BA /* CallTaxiCell.xib in Resources */,
				383B9C60212E1F840053C887 /* ButtonCell.xib in Resources */,
				383B9C5B212E0C9E0053C887 /* PhoneTextFieldCell.xib in Resources */,
				383B9C49212E00C90053C887 /* HeaderView.xib in Resources */,
				3873AB4F214AD30E00484C86 /* WishesCell.xib in Resources */,
				38E85C36212E518D00ECCCE8 /* PresenterViewController.xib in Resources */,
			);
			runOnlyForDeploymentPostprocessing = 0;
		};
		7C8A06DF21323075009E9EE0 /* Resources */ = {
			isa = PBXResourcesBuildPhase;
			buildActionMask = 2147483647;
			files = (
			);
			runOnlyForDeploymentPostprocessing = 0;
		};
/* End PBXResourcesBuildPhase section */

/* Begin PBXShellScriptBuildPhase section */
		562824599819174A31D60221 /* [CP] Check Pods Manifest.lock */ = {
			isa = PBXShellScriptBuildPhase;
			buildActionMask = 2147483647;
			files = (
			);
			inputPaths = (
				"${PODS_PODFILE_DIR_PATH}/Podfile.lock",
				"${PODS_ROOT}/Manifest.lock",
			);
			name = "[CP] Check Pods Manifest.lock";
			outputPaths = (
				"$(DERIVED_FILE_DIR)/Pods-RusTaxi-checkManifestLockResult.txt",
			);
			runOnlyForDeploymentPostprocessing = 0;
			shellPath = /bin/sh;
			shellScript = "diff \"${PODS_PODFILE_DIR_PATH}/Podfile.lock\" \"${PODS_ROOT}/Manifest.lock\" > /dev/null\nif [ $? != 0 ] ; then\n    # print error to STDERR\n    echo \"error: The sandbox is not in sync with the Podfile.lock. Run 'pod install' or update your CocoaPods installation.\" >&2\n    exit 1\nfi\n# This output is used by Xcode 'outputs' to avoid re-running this script phase.\necho \"SUCCESS\" > \"${SCRIPT_OUTPUT_FILE_0}\"\n";
			showEnvVarsInLog = 0;
		};
		79FC32FE5E2B31A0519C9FF1 /* [CP] Embed Pods Frameworks */ = {
			isa = PBXShellScriptBuildPhase;
			buildActionMask = 2147483647;
			files = (
			);
			inputPaths = (
				"${SRCROOT}/Pods/Target Support Files/Pods-RusTaxi/Pods-RusTaxi-frameworks.sh",
				"${BUILT_PRODUCTS_DIR}/Alamofire/Alamofire.framework",
				"${BUILT_PRODUCTS_DIR}/IQKeyboardManagerSwift/IQKeyboardManagerSwift.framework",
				"${BUILT_PRODUCTS_DIR}/Material/Material.framework",
				"${BUILT_PRODUCTS_DIR}/Motion/Motion.framework",
				"${BUILT_PRODUCTS_DIR}/SwiftyJSON/SwiftyJSON.framework",
			);
			name = "[CP] Embed Pods Frameworks";
			outputPaths = (
				"${TARGET_BUILD_DIR}/${FRAMEWORKS_FOLDER_PATH}/Alamofire.framework",
				"${TARGET_BUILD_DIR}/${FRAMEWORKS_FOLDER_PATH}/IQKeyboardManagerSwift.framework",
				"${TARGET_BUILD_DIR}/${FRAMEWORKS_FOLDER_PATH}/Material.framework",
				"${TARGET_BUILD_DIR}/${FRAMEWORKS_FOLDER_PATH}/Motion.framework",
				"${TARGET_BUILD_DIR}/${FRAMEWORKS_FOLDER_PATH}/SwiftyJSON.framework",
			);
			runOnlyForDeploymentPostprocessing = 0;
			shellPath = /bin/sh;
			shellScript = "\"${SRCROOT}/Pods/Target Support Files/Pods-RusTaxi/Pods-RusTaxi-frameworks.sh\"\n";
			showEnvVarsInLog = 0;
		};
		7C258EBE213454A000E309BC /* ShellScript */ = {
			isa = PBXShellScriptBuildPhase;
			buildActionMask = 2147483647;
			files = (
			);
			inputPaths = (
			);
			outputPaths = (
			);
			runOnlyForDeploymentPostprocessing = 0;
			shellPath = /bin/sh;
			shellScript = "\"${PODS_ROOT}/Fabric/run\" 5e2a70d2b395042195df699073fb9f1262017a89 9ebd4b4a5b67a25584489e1b4060c4b6c9238e85d748fd91c6c92f8207af81d2";
		};
/* End PBXShellScriptBuildPhase section */

/* Begin PBXSourcesBuildPhase section */
		3825E661212C8E09007DE9AC /* Sources */ = {
			isa = PBXSourcesBuildPhase;
			buildActionMask = 2147483647;
			files = (
				3873AB46214AD0BB00484C86 /* WishesController.swift in Sources */,
				383E269021500DFE00D48F99 /* PricesCell.swift in Sources */,
				7CFD2EA62150023400D5E197 /* Equip.swift in Sources */,
				383B9C58212E0C4D0053C887 /* PhoneTextFieldCell.swift in Sources */,
				7CFD2EB7215010F600D5E197 /* PhoneFormatterHelper.swift in Sources */,
				7C19EC1A212DDE6100EFF008 /* Localize.swift in Sources */,
				38513DEE2147F69E00FDD1BA /* CallTaxiCell.swift in Sources */,
				382B77E5214C1BD200E3D7E6 /* Wish.swift in Sources */,
				38E85C39212E52E700ECCCE8 /* CountryCell.swift in Sources */,
				38E9D077213BC09B0088A6D5 /* HeaderCell.swift in Sources */,
				383B9C63212E23390053C887 /* FooterButtonView.swift in Sources */,
				7CFD2EB92150111900D5E197 /* UserInformation.swift in Sources */,
				385E7238213F7EF200CFF2A9 /* Address.swift in Sources */,
				383B9C4B212E00E30053C887 /* HeaderView.swift in Sources */,
				38DC8792215283E800A621D0 /* AcceptView.swift in Sources */,
				383B9C4E212E055B0053C887 /* TextFieldCell.swift in Sources */,
				7C19EC15212DDBD600EFF008 /* NibLoadable.swift in Sources */,
				38B03BE9214E592D007DBF45 /* DriveDetailsCell.swift in Sources */,
				7CFD2E8D214FE53A00D5E197 /* MessageModel.swift in Sources */,
				7C3EF6C0214C1C76009F08B3 /* Requirement.swift in Sources */,
				7CFD2E9A214FE9EA00D5E197 /* Time.swift in Sources */,
				7CFD2EA1215000B400D5E197 /* UserInfoModel.swift in Sources */,
				7CFD2EA821500E4100D5E197 /* NearCarResponse.swift in Sources */,
				382028422130926D000CA9ED /* ViewController.swift in Sources */,
				38A4C08421500805003597C0 /* DriverOnWayDataSource.swift in Sources */,
				38E9D0732139BF2A0088A6D5 /* AddressCell.swift in Sources */,
				7C8A06F121323394009E9EE0 /* BaseManager.swift in Sources */,
				383E269421500FCC00D48F99 /* SearchCarDataSource.swift in Sources */,
				38513DE62145750C00FDD1BA /* TaxiViewCollectionCell.swift in Sources */,
				7CFD2EB6215010F600D5E197 /* Typealiases.swift in Sources */,
				7C3EF6B3214C142A009F08B3 /* OrderManager.swift in Sources */,
				7CFD2EB4215010F600D5E197 /* Extensions.swift in Sources */,
				7CFD2E97214FE9BB00D5E197 /* TimerInteractor.swift in Sources */,
				7C3EF6B9214C168A009F08B3 /* SourceModel.swift in Sources */,
				7CFD2E85214FD7A300D5E197 /* AddressManager.swift in Sources */,
				7CFD2E89214FDF3900D5E197 /* ChatManager.swift in Sources */,
				3873AB4D214AD30000484C86 /* WishesCell.swift in Sources */,
				7CFD2E94214FE7A300D5E197 /* CauseOrderModel.swift in Sources */,
				38F4F762212F3E2700CF80FE /* SlideshowController.swift in Sources */,
				7CFD2E87214FDA2D00D5E197 /* SearchAddressModel.swift in Sources */,
				7C3EF6BC214C19B0009F08B3 /* NewOrderResponse.swift in Sources */,
				7CFD2E8F214FE6C200D5E197 /* CheckOrderModel.swift in Sources */,
				7CFD2EB3215010F600D5E197 /* Constants.swift in Sources */,
				7CFD2E83214FD65C00D5E197 /* NewOrderDataProvider.swift in Sources */,
				7C19EC18212DDD5600EFF008 /* Router.swift in Sources */,
				7C3EF6B7214C14CA009F08B3 /* NewOrderRequest.swift in Sources */,
				7CFD2E9E2150007900D5E197 /* UserManager.swift in Sources */,
				7CFD2E9C214FEBC800D5E197 /* MapDataProvider.swift in Sources */,
				7CFD2EB5215010F600D5E197 /* JSONString.swift in Sources */,
				38E9D06721394A820088A6D5 /* MainController.swift in Sources */,
				7C19EC12212DDBA700EFF008 /* Sinder.swift in Sources */,
				7CFD2E92214FE74800D5E197 /* OfferDriverModel.swift in Sources */,
				3817AACE214BAE0300E7F130 /* PayAlertController.swift in Sources */,
				38B03BEE214E5AD4007DBF45 /* DriverDetailsCell.swift in Sources */,
				38B03BE4214D9A46007DBF45 /* MainControllerDataSource.swift in Sources */,
				3877E85D214D433C009DAA44 /* TaxiTypeModel.swift in Sources */,
				38E4AC8E214FF2BB003B66C2 /* PropertiesCell.swift in Sources */,
				38513DE221455E0A00FDD1BA /* ChooseTaxiCell.swift in Sources */,
				38E9D07C213BC3800088A6D5 /* SettingsCell.swift in Sources */,
				3825E669212C8E09007DE9AC /* AppDelegate.swift in Sources */,
				7CFD2EA4215001FC00D5E197 /* TypePay.swift in Sources */,
				7C8A06EF21323382009E9EE0 /* AuthManager.swift in Sources */,
				7C3EF6BE214C1B87009F08B3 /* Tariff.swift in Sources */,
				38F4F768212F5A2000CF80FE /* Slide.swift in Sources */,
				38B03BE6214E4DA6007DBF45 /* OnDriveDataSource.swift in Sources */,
				383B9C5E212E1F4D0053C887 /* ButtonCell.swift in Sources */,
				38E85C34212E518000ECCCE8 /* PresenterViewController.swift in Sources */,
				7C3EF6C3214C273E009F08B3 /* Storage.swift in Sources */,
			);
			runOnlyForDeploymentPostprocessing = 0;
		};
		7C8A06DD21323075009E9EE0 /* Sources */ = {
			isa = PBXSourcesBuildPhase;
			buildActionMask = 2147483647;
			files = (
				7C8A06E421323075009E9EE0 /* RusTaxiTests.swift in Sources */,
				7C8A06EC21323089009E9EE0 /* PhoneFormatterTests.swift in Sources */,
				7CC81B232134177E00D7347A /* JSONStringTests.swift in Sources */,
			);
			runOnlyForDeploymentPostprocessing = 0;
		};
/* End PBXSourcesBuildPhase section */

/* Begin PBXTargetDependency section */
		7C8A06E721323075009E9EE0 /* PBXTargetDependency */ = {
			isa = PBXTargetDependency;
			target = 3825E664212C8E09007DE9AC /* RusTaxi */;
			targetProxy = 7C8A06E621323075009E9EE0 /* PBXContainerItemProxy */;
		};
/* End PBXTargetDependency section */

/* Begin PBXVariantGroup section */
		381C00ED212F1193005BBC25 /* Localizable.strings */ = {
			isa = PBXVariantGroup;
			children = (
				381C00EC212F1193005BBC25 /* en */,
				381C00F0212F127E005BBC25 /* ru */,
			);
			name = Localizable.strings;
			sourceTree = "<group>";
		};
		3825E671212C8E0C007DE9AC /* LaunchScreen.storyboard */ = {
			isa = PBXVariantGroup;
			children = (
				3825E672212C8E0C007DE9AC /* Base */,
				381C00EF212F127E005BBC25 /* ru */,
			);
			name = LaunchScreen.storyboard;
			sourceTree = "<group>";
		};
/* End PBXVariantGroup section */

/* Begin XCBuildConfiguration section */
		3825E675212C8E0C007DE9AC /* Debug */ = {
			isa = XCBuildConfiguration;
			buildSettings = {
				ALWAYS_SEARCH_USER_PATHS = NO;
				CLANG_ANALYZER_LOCALIZABILITY_NONLOCALIZED = YES;
				CLANG_ANALYZER_NONNULL = YES;
				CLANG_ANALYZER_NUMBER_OBJECT_CONVERSION = YES_AGGRESSIVE;
				CLANG_CXX_LANGUAGE_STANDARD = "gnu++14";
				CLANG_CXX_LIBRARY = "libc++";
				CLANG_ENABLE_MODULES = YES;
				CLANG_ENABLE_OBJC_ARC = YES;
				CLANG_ENABLE_OBJC_WEAK = YES;
				CLANG_WARN_BLOCK_CAPTURE_AUTORELEASING = YES;
				CLANG_WARN_BOOL_CONVERSION = YES;
				CLANG_WARN_COMMA = YES;
				CLANG_WARN_CONSTANT_CONVERSION = YES;
				CLANG_WARN_DEPRECATED_OBJC_IMPLEMENTATIONS = YES;
				CLANG_WARN_DIRECT_OBJC_ISA_USAGE = YES_ERROR;
				CLANG_WARN_DOCUMENTATION_COMMENTS = YES;
				CLANG_WARN_EMPTY_BODY = YES;
				CLANG_WARN_ENUM_CONVERSION = YES;
				CLANG_WARN_INFINITE_RECURSION = YES;
				CLANG_WARN_INT_CONVERSION = YES;
				CLANG_WARN_NON_LITERAL_NULL_CONVERSION = YES;
				CLANG_WARN_OBJC_IMPLICIT_RETAIN_SELF = YES;
				CLANG_WARN_OBJC_LITERAL_CONVERSION = YES;
				CLANG_WARN_OBJC_ROOT_CLASS = YES_ERROR;
				CLANG_WARN_RANGE_LOOP_ANALYSIS = YES;
				CLANG_WARN_STRICT_PROTOTYPES = YES;
				CLANG_WARN_SUSPICIOUS_MOVE = YES;
				CLANG_WARN_UNGUARDED_AVAILABILITY = YES_AGGRESSIVE;
				CLANG_WARN_UNREACHABLE_CODE = YES;
				CLANG_WARN__DUPLICATE_METHOD_MATCH = YES;
				CODE_SIGN_IDENTITY = "iPhone Developer";
				COPY_PHASE_STRIP = NO;
				DEBUG_INFORMATION_FORMAT = dwarf;
				ENABLE_STRICT_OBJC_MSGSEND = YES;
				ENABLE_TESTABILITY = YES;
				GCC_C_LANGUAGE_STANDARD = gnu11;
				GCC_DYNAMIC_NO_PIC = NO;
				GCC_NO_COMMON_BLOCKS = YES;
				GCC_OPTIMIZATION_LEVEL = 0;
				GCC_PREPROCESSOR_DEFINITIONS = (
					"DEBUG=1",
					"$(inherited)",
				);
				GCC_WARN_64_TO_32_BIT_CONVERSION = YES;
				GCC_WARN_ABOUT_RETURN_TYPE = YES_ERROR;
				GCC_WARN_UNDECLARED_SELECTOR = YES;
				GCC_WARN_UNINITIALIZED_AUTOS = YES_AGGRESSIVE;
				GCC_WARN_UNUSED_FUNCTION = YES;
				GCC_WARN_UNUSED_VARIABLE = YES;
				IPHONEOS_DEPLOYMENT_TARGET = 11.4;
				MTL_ENABLE_DEBUG_INFO = YES;
				ONLY_ACTIVE_ARCH = YES;
				SDKROOT = iphoneos;
				SWIFT_ACTIVE_COMPILATION_CONDITIONS = DEBUG;
				SWIFT_OPTIMIZATION_LEVEL = "-Onone";
			};
			name = Debug;
		};
		3825E676212C8E0C007DE9AC /* Release */ = {
			isa = XCBuildConfiguration;
			buildSettings = {
				ALWAYS_SEARCH_USER_PATHS = NO;
				CLANG_ANALYZER_LOCALIZABILITY_NONLOCALIZED = YES;
				CLANG_ANALYZER_NONNULL = YES;
				CLANG_ANALYZER_NUMBER_OBJECT_CONVERSION = YES_AGGRESSIVE;
				CLANG_CXX_LANGUAGE_STANDARD = "gnu++14";
				CLANG_CXX_LIBRARY = "libc++";
				CLANG_ENABLE_MODULES = YES;
				CLANG_ENABLE_OBJC_ARC = YES;
				CLANG_ENABLE_OBJC_WEAK = YES;
				CLANG_WARN_BLOCK_CAPTURE_AUTORELEASING = YES;
				CLANG_WARN_BOOL_CONVERSION = YES;
				CLANG_WARN_COMMA = YES;
				CLANG_WARN_CONSTANT_CONVERSION = YES;
				CLANG_WARN_DEPRECATED_OBJC_IMPLEMENTATIONS = YES;
				CLANG_WARN_DIRECT_OBJC_ISA_USAGE = YES_ERROR;
				CLANG_WARN_DOCUMENTATION_COMMENTS = YES;
				CLANG_WARN_EMPTY_BODY = YES;
				CLANG_WARN_ENUM_CONVERSION = YES;
				CLANG_WARN_INFINITE_RECURSION = YES;
				CLANG_WARN_INT_CONVERSION = YES;
				CLANG_WARN_NON_LITERAL_NULL_CONVERSION = YES;
				CLANG_WARN_OBJC_IMPLICIT_RETAIN_SELF = YES;
				CLANG_WARN_OBJC_LITERAL_CONVERSION = YES;
				CLANG_WARN_OBJC_ROOT_CLASS = YES_ERROR;
				CLANG_WARN_RANGE_LOOP_ANALYSIS = YES;
				CLANG_WARN_STRICT_PROTOTYPES = YES;
				CLANG_WARN_SUSPICIOUS_MOVE = YES;
				CLANG_WARN_UNGUARDED_AVAILABILITY = YES_AGGRESSIVE;
				CLANG_WARN_UNREACHABLE_CODE = YES;
				CLANG_WARN__DUPLICATE_METHOD_MATCH = YES;
				CODE_SIGN_IDENTITY = "iPhone Developer";
				COPY_PHASE_STRIP = NO;
				DEBUG_INFORMATION_FORMAT = "dwarf-with-dsym";
				ENABLE_NS_ASSERTIONS = NO;
				ENABLE_STRICT_OBJC_MSGSEND = YES;
				GCC_C_LANGUAGE_STANDARD = gnu11;
				GCC_NO_COMMON_BLOCKS = YES;
				GCC_WARN_64_TO_32_BIT_CONVERSION = YES;
				GCC_WARN_ABOUT_RETURN_TYPE = YES_ERROR;
				GCC_WARN_UNDECLARED_SELECTOR = YES;
				GCC_WARN_UNINITIALIZED_AUTOS = YES_AGGRESSIVE;
				GCC_WARN_UNUSED_FUNCTION = YES;
				GCC_WARN_UNUSED_VARIABLE = YES;
				IPHONEOS_DEPLOYMENT_TARGET = 11.4;
				MTL_ENABLE_DEBUG_INFO = NO;
				SDKROOT = iphoneos;
				SWIFT_COMPILATION_MODE = wholemodule;
				SWIFT_OPTIMIZATION_LEVEL = "-O";
				VALIDATE_PRODUCT = YES;
			};
			name = Release;
		};
		3825E678212C8E0C007DE9AC /* Debug */ = {
			isa = XCBuildConfiguration;
			baseConfigurationReference = A26E0D13497BAC52E9464C56 /* Pods-RusTaxi.debug.xcconfig */;
			buildSettings = {
				ASSETCATALOG_COMPILER_APPICON_NAME = AppIcon;
				CODE_SIGN_STYLE = Manual;
				DEVELOPMENT_TEAM = 5UN8LZ7V2H;
				INFOPLIST_FILE = "$(SRCROOT)/Info.plist";
				IPHONEOS_DEPLOYMENT_TARGET = 9.0;
				LD_RUNPATH_SEARCH_PATHS = (
					"$(inherited)",
					"@executable_path/Frameworks",
				);
				PRODUCT_BUNDLE_IDENTIFIER = DD.RusTaxi;
				PRODUCT_NAME = "$(TARGET_NAME)";
				PROVISIONING_PROFILE = "d74a1bc9-3a67-409b-bf42-2203a59ed2fd";
				PROVISIONING_PROFILE_SPECIFIER = "taxi-new-de";
				SWIFT_VERSION = 4.0;
				TARGETED_DEVICE_FAMILY = 1;
			};
			name = Debug;
		};
		3825E679212C8E0C007DE9AC /* Release */ = {
			isa = XCBuildConfiguration;
			baseConfigurationReference = D3533C998158B18D1132825B /* Pods-RusTaxi.release.xcconfig */;
			buildSettings = {
				ASSETCATALOG_COMPILER_APPICON_NAME = AppIcon;
				CODE_SIGN_IDENTITY = "iPhone Distribution";
				CODE_SIGN_STYLE = Manual;
				DEVELOPMENT_TEAM = 5UN8LZ7V2H;
				INFOPLIST_FILE = "$(SRCROOT)/Info.plist";
				IPHONEOS_DEPLOYMENT_TARGET = 9.0;
				LD_RUNPATH_SEARCH_PATHS = (
					"$(inherited)",
					"@executable_path/Frameworks",
				);
				PRODUCT_BUNDLE_IDENTIFIER = DD.RusTaxi;
				PRODUCT_NAME = "$(TARGET_NAME)";
				PROVISIONING_PROFILE = "7eb68da2-49d8-4050-91bd-0edbe8bd3ae0";
				PROVISIONING_PROFILE_SPECIFIER = "taxi-new-adhoc";
				SWIFT_VERSION = 4.0;
				TARGETED_DEVICE_FAMILY = 1;
			};
			name = Release;
		};
		7C8A06E921323075009E9EE0 /* Debug */ = {
			isa = XCBuildConfiguration;
			buildSettings = {
				BUNDLE_LOADER = "$(TEST_HOST)";
				CODE_SIGN_STYLE = Automatic;
				DEVELOPMENT_TEAM = 5UN8LZ7V2H;
				INFOPLIST_FILE = RusTaxiTests/Info.plist;
				LD_RUNPATH_SEARCH_PATHS = (
					"$(inherited)",
					"@executable_path/Frameworks",
					"@loader_path/Frameworks",
				);
				PRODUCT_BUNDLE_IDENTIFIER = AI.RusTaxiTests;
				PRODUCT_NAME = "$(TARGET_NAME)";
				SWIFT_VERSION = 4.0;
				TARGETED_DEVICE_FAMILY = "1,2";
				TEST_HOST = "$(BUILT_PRODUCTS_DIR)/RusTaxi.app/RusTaxi";
			};
			name = Debug;
		};
		7C8A06EA21323075009E9EE0 /* Release */ = {
			isa = XCBuildConfiguration;
			buildSettings = {
				BUNDLE_LOADER = "$(TEST_HOST)";
				CODE_SIGN_STYLE = Automatic;
				DEVELOPMENT_TEAM = 5UN8LZ7V2H;
				INFOPLIST_FILE = RusTaxiTests/Info.plist;
				LD_RUNPATH_SEARCH_PATHS = (
					"$(inherited)",
					"@executable_path/Frameworks",
					"@loader_path/Frameworks",
				);
				PRODUCT_BUNDLE_IDENTIFIER = AI.RusTaxiTests;
				PRODUCT_NAME = "$(TARGET_NAME)";
				SWIFT_VERSION = 4.0;
				TARGETED_DEVICE_FAMILY = "1,2";
				TEST_HOST = "$(BUILT_PRODUCTS_DIR)/RusTaxi.app/RusTaxi";
			};
			name = Release;
		};
/* End XCBuildConfiguration section */

/* Begin XCConfigurationList section */
		3825E660212C8E09007DE9AC /* Build configuration list for PBXProject "RusTaxi" */ = {
			isa = XCConfigurationList;
			buildConfigurations = (
				3825E675212C8E0C007DE9AC /* Debug */,
				3825E676212C8E0C007DE9AC /* Release */,
			);
			defaultConfigurationIsVisible = 0;
			defaultConfigurationName = Release;
		};
		3825E677212C8E0C007DE9AC /* Build configuration list for PBXNativeTarget "RusTaxi" */ = {
			isa = XCConfigurationList;
			buildConfigurations = (
				3825E678212C8E0C007DE9AC /* Debug */,
				3825E679212C8E0C007DE9AC /* Release */,
			);
			defaultConfigurationIsVisible = 0;
			defaultConfigurationName = Release;
		};
		7C8A06E821323075009E9EE0 /* Build configuration list for PBXNativeTarget "RusTaxiTests" */ = {
			isa = XCConfigurationList;
			buildConfigurations = (
				7C8A06E921323075009E9EE0 /* Debug */,
				7C8A06EA21323075009E9EE0 /* Release */,
			);
			defaultConfigurationIsVisible = 0;
			defaultConfigurationName = Release;
		};
/* End XCConfigurationList section */
	};
	rootObject = 3825E65D212C8E09007DE9AC /* Project object */;
}
