// !$*UTF8*$!
{
	archiveVersion = 1;
	classes = {
	};
	objectVersion = 50;
	objects = {

/* Begin PBXBuildFile section */
		381C00EB212F1193005BBC25 /* Localizable.strings in Resources */ = {isa = PBXBuildFile; fileRef = 381C00ED212F1193005BBC25 /* Localizable.strings */; };
		3825E669212C8E09007DE9AC /* AppDelegate.swift in Sources */ = {isa = PBXBuildFile; fileRef = 3825E668212C8E09007DE9AC /* AppDelegate.swift */; };
		3825E66B212C8E09007DE9AC /* ViewController.swift in Sources */ = {isa = PBXBuildFile; fileRef = 3825E66A212C8E09007DE9AC /* ViewController.swift */; };
		3825E670212C8E0C007DE9AC /* Assets.xcassets in Resources */ = {isa = PBXBuildFile; fileRef = 3825E66F212C8E0B007DE9AC /* Assets.xcassets */; };
		3825E673212C8E0C007DE9AC /* LaunchScreen.storyboard in Resources */ = {isa = PBXBuildFile; fileRef = 3825E671212C8E0C007DE9AC /* LaunchScreen.storyboard */; };
		383B9C49212E00C90053C887 /* HeaderView.xib in Resources */ = {isa = PBXBuildFile; fileRef = 383B9C48212E00C90053C887 /* HeaderView.xib */; };
		383B9C4B212E00E30053C887 /* HeaderView.swift in Sources */ = {isa = PBXBuildFile; fileRef = 383B9C4A212E00E30053C887 /* HeaderView.swift */; };
		383B9C4E212E055B0053C887 /* TextFieldCell.swift in Sources */ = {isa = PBXBuildFile; fileRef = 383B9C4D212E055B0053C887 /* TextFieldCell.swift */; };
		383B9C50212E05BA0053C887 /* TextFieldCell.xib in Resources */ = {isa = PBXBuildFile; fileRef = 383B9C4F212E05BA0053C887 /* TextFieldCell.xib */; };
		383B9C53212E07C10053C887 /* Extensions.swift in Sources */ = {isa = PBXBuildFile; fileRef = 383B9C52212E07C10053C887 /* Extensions.swift */; };
		383B9C55212E07FB0053C887 /* Constants.swift in Sources */ = {isa = PBXBuildFile; fileRef = 383B9C54212E07FB0053C887 /* Constants.swift */; };
		383B9C58212E0C4D0053C887 /* PhoneTextFieldCell.swift in Sources */ = {isa = PBXBuildFile; fileRef = 383B9C57212E0C4D0053C887 /* PhoneTextFieldCell.swift */; };
		383B9C5B212E0C9E0053C887 /* PhoneTextFieldCell.xib in Resources */ = {isa = PBXBuildFile; fileRef = 383B9C5A212E0C9E0053C887 /* PhoneTextFieldCell.xib */; };
		383B9C5E212E1F4D0053C887 /* ButtonCell.swift in Sources */ = {isa = PBXBuildFile; fileRef = 383B9C5D212E1F4D0053C887 /* ButtonCell.swift */; };
		383B9C60212E1F840053C887 /* ButtonCell.xib in Resources */ = {isa = PBXBuildFile; fileRef = 383B9C5F212E1F840053C887 /* ButtonCell.xib */; };
		383B9C63212E23390053C887 /* FooterButtonView.swift in Sources */ = {isa = PBXBuildFile; fileRef = 383B9C62212E23390053C887 /* FooterButtonView.swift */; };
		383B9C65212E23500053C887 /* FooterButtonView.xib in Resources */ = {isa = PBXBuildFile; fileRef = 383B9C64212E23500053C887 /* FooterButtonView.xib */; };
		38E85C34212E518000ECCCE8 /* PresenterViewController.swift in Sources */ = {isa = PBXBuildFile; fileRef = 38E85C33212E518000ECCCE8 /* PresenterViewController.swift */; };
		38E85C36212E518D00ECCCE8 /* PresenterViewController.xib in Resources */ = {isa = PBXBuildFile; fileRef = 38E85C35212E518D00ECCCE8 /* PresenterViewController.xib */; };
		38E85C39212E52E700ECCCE8 /* CountryCell.swift in Sources */ = {isa = PBXBuildFile; fileRef = 38E85C38212E52E700ECCCE8 /* CountryCell.swift */; };
		38E85C3B212E52F300ECCCE8 /* CountryCell.xib in Resources */ = {isa = PBXBuildFile; fileRef = 38E85C3A212E52F300ECCCE8 /* CountryCell.xib */; };
		7C19EC12212DDBA700EFF008 /* Sinder.swift in Sources */ = {isa = PBXBuildFile; fileRef = 7C19EC11212DDBA700EFF008 /* Sinder.swift */; };
		7C19EC15212DDBD600EFF008 /* NibLoadable.swift in Sources */ = {isa = PBXBuildFile; fileRef = 7C19EC14212DDBD600EFF008 /* NibLoadable.swift */; };
		7C19EC18212DDD5600EFF008 /* Router.swift in Sources */ = {isa = PBXBuildFile; fileRef = 7C19EC17212DDD5600EFF008 /* Router.swift */; };
		7C19EC1A212DDE6100EFF008 /* Localize.swift in Sources */ = {isa = PBXBuildFile; fileRef = 7C19EC19212DDE6100EFF008 /* Localize.swift */; };
		7C19EC1C212DDE8100EFF008 /* ViewController.xib in Resources */ = {isa = PBXBuildFile; fileRef = 7C19EC1B212DDE8100EFF008 /* ViewController.xib */; };
		9870515E984ADF19AC6B8C08 /* Pods_RusTaxi.framework in Frameworks */ = {isa = PBXBuildFile; fileRef = AA6917A158EE3C7B36F672EB /* Pods_RusTaxi.framework */; };
/* End PBXBuildFile section */

/* Begin PBXFileReference section */
		381C00EC212F1193005BBC25 /* en */ = {isa = PBXFileReference; lastKnownFileType = text.plist.strings; name = en; path = en.lproj/Localizable.strings; sourceTree = "<group>"; };
		381C00EF212F127E005BBC25 /* ru */ = {isa = PBXFileReference; lastKnownFileType = text.plist.strings; name = ru; path = ru.lproj/LaunchScreen.strings; sourceTree = "<group>"; };
		381C00F0212F127E005BBC25 /* ru */ = {isa = PBXFileReference; lastKnownFileType = text.plist.strings; name = ru; path = ru.lproj/Localizable.strings; sourceTree = "<group>"; };
		3825E665212C8E09007DE9AC /* RusTaxi.app */ = {isa = PBXFileReference; explicitFileType = wrapper.application; includeInIndex = 0; path = RusTaxi.app; sourceTree = BUILT_PRODUCTS_DIR; };
		3825E668212C8E09007DE9AC /* AppDelegate.swift */ = {isa = PBXFileReference; lastKnownFileType = sourcecode.swift; path = AppDelegate.swift; sourceTree = "<group>"; };
		3825E66A212C8E09007DE9AC /* ViewController.swift */ = {isa = PBXFileReference; lastKnownFileType = sourcecode.swift; path = ViewController.swift; sourceTree = "<group>"; };
		3825E66F212C8E0B007DE9AC /* Assets.xcassets */ = {isa = PBXFileReference; lastKnownFileType = folder.assetcatalog; path = Assets.xcassets; sourceTree = "<group>"; };
		3825E672212C8E0C007DE9AC /* Base */ = {isa = PBXFileReference; lastKnownFileType = file.storyboard; name = Base; path = Base.lproj/LaunchScreen.storyboard; sourceTree = "<group>"; };
		3825E674212C8E0C007DE9AC /* Info.plist */ = {isa = PBXFileReference; lastKnownFileType = text.plist.xml; path = Info.plist; sourceTree = "<group>"; };
		383B9C48212E00C90053C887 /* HeaderView.xib */ = {isa = PBXFileReference; lastKnownFileType = file.xib; path = HeaderView.xib; sourceTree = "<group>"; };
		383B9C4A212E00E30053C887 /* HeaderView.swift */ = {isa = PBXFileReference; lastKnownFileType = sourcecode.swift; path = HeaderView.swift; sourceTree = "<group>"; };
		383B9C4D212E055B0053C887 /* TextFieldCell.swift */ = {isa = PBXFileReference; lastKnownFileType = sourcecode.swift; path = TextFieldCell.swift; sourceTree = "<group>"; };
		383B9C4F212E05BA0053C887 /* TextFieldCell.xib */ = {isa = PBXFileReference; lastKnownFileType = file.xib; path = TextFieldCell.xib; sourceTree = "<group>"; };
		383B9C52212E07C10053C887 /* Extensions.swift */ = {isa = PBXFileReference; lastKnownFileType = sourcecode.swift; path = Extensions.swift; sourceTree = "<group>"; };
		383B9C54212E07FB0053C887 /* Constants.swift */ = {isa = PBXFileReference; lastKnownFileType = sourcecode.swift; path = Constants.swift; sourceTree = "<group>"; };
		383B9C57212E0C4D0053C887 /* PhoneTextFieldCell.swift */ = {isa = PBXFileReference; lastKnownFileType = sourcecode.swift; path = PhoneTextFieldCell.swift; sourceTree = "<group>"; };
		383B9C5A212E0C9E0053C887 /* PhoneTextFieldCell.xib */ = {isa = PBXFileReference; lastKnownFileType = file.xib; path = PhoneTextFieldCell.xib; sourceTree = "<group>"; };
		383B9C5D212E1F4D0053C887 /* ButtonCell.swift */ = {isa = PBXFileReference; lastKnownFileType = sourcecode.swift; path = ButtonCell.swift; sourceTree = "<group>"; };
		383B9C5F212E1F840053C887 /* ButtonCell.xib */ = {isa = PBXFileReference; lastKnownFileType = file.xib; path = ButtonCell.xib; sourceTree = "<group>"; };
		383B9C62212E23390053C887 /* FooterButtonView.swift */ = {isa = PBXFileReference; lastKnownFileType = sourcecode.swift; path = FooterButtonView.swift; sourceTree = "<group>"; };
		383B9C64212E23500053C887 /* FooterButtonView.xib */ = {isa = PBXFileReference; lastKnownFileType = file.xib; path = FooterButtonView.xib; sourceTree = "<group>"; };
		38E85C33212E518000ECCCE8 /* PresenterViewController.swift */ = {isa = PBXFileReference; lastKnownFileType = sourcecode.swift; path = PresenterViewController.swift; sourceTree = "<group>"; };
		38E85C35212E518D00ECCCE8 /* PresenterViewController.xib */ = {isa = PBXFileReference; lastKnownFileType = file.xib; path = PresenterViewController.xib; sourceTree = "<group>"; };
		38E85C38212E52E700ECCCE8 /* CountryCell.swift */ = {isa = PBXFileReference; lastKnownFileType = sourcecode.swift; path = CountryCell.swift; sourceTree = "<group>"; };
		38E85C3A212E52F300ECCCE8 /* CountryCell.xib */ = {isa = PBXFileReference; lastKnownFileType = file.xib; path = CountryCell.xib; sourceTree = "<group>"; };
		7C19EC11212DDBA700EFF008 /* Sinder.swift */ = {isa = PBXFileReference; fileEncoding = 4; lastKnownFileType = sourcecode.swift; path = Sinder.swift; sourceTree = "<group>"; };
		7C19EC14212DDBD600EFF008 /* NibLoadable.swift */ = {isa = PBXFileReference; lastKnownFileType = sourcecode.swift; path = NibLoadable.swift; sourceTree = "<group>"; };
		7C19EC17212DDD5600EFF008 /* Router.swift */ = {isa = PBXFileReference; lastKnownFileType = sourcecode.swift; path = Router.swift; sourceTree = "<group>"; };
		7C19EC19212DDE6100EFF008 /* Localize.swift */ = {isa = PBXFileReference; lastKnownFileType = sourcecode.swift; path = Localize.swift; sourceTree = "<group>"; };
		7C19EC1B212DDE8100EFF008 /* ViewController.xib */ = {isa = PBXFileReference; lastKnownFileType = file.xib; path = ViewController.xib; sourceTree = "<group>"; };
		A26E0D13497BAC52E9464C56 /* Pods-RusTaxi.debug.xcconfig */ = {isa = PBXFileReference; includeInIndex = 1; lastKnownFileType = text.xcconfig; name = "Pods-RusTaxi.debug.xcconfig"; path = "Pods/Target Support Files/Pods-RusTaxi/Pods-RusTaxi.debug.xcconfig"; sourceTree = "<group>"; };
		AA6917A158EE3C7B36F672EB /* Pods_RusTaxi.framework */ = {isa = PBXFileReference; explicitFileType = wrapper.framework; includeInIndex = 0; path = Pods_RusTaxi.framework; sourceTree = BUILT_PRODUCTS_DIR; };
		D3533C998158B18D1132825B /* Pods-RusTaxi.release.xcconfig */ = {isa = PBXFileReference; includeInIndex = 1; lastKnownFileType = text.xcconfig; name = "Pods-RusTaxi.release.xcconfig"; path = "Pods/Target Support Files/Pods-RusTaxi/Pods-RusTaxi.release.xcconfig"; sourceTree = "<group>"; };
/* End PBXFileReference section */

/* Begin PBXFrameworksBuildPhase section */
		3825E662212C8E09007DE9AC /* Frameworks */ = {
			isa = PBXFrameworksBuildPhase;
			buildActionMask = 2147483647;
			files = (
				9870515E984ADF19AC6B8C08 /* Pods_RusTaxi.framework in Frameworks */,
			);
			runOnlyForDeploymentPostprocessing = 0;
		};
/* End PBXFrameworksBuildPhase section */

/* Begin PBXGroup section */
		381C00E8212F1157005BBC25 /* Localization */ = {
			isa = PBXGroup;
			children = (
				381C00ED212F1193005BBC25 /* Localizable.strings */,
			);
			path = Localization;
			sourceTree = "<group>";
		};
		3825E65C212C8E09007DE9AC = {
			isa = PBXGroup;
			children = (
				3825E667212C8E09007DE9AC /* RusTaxi */,
				3825E674212C8E0C007DE9AC /* Info.plist */,
				3825E666212C8E09007DE9AC /* Products */,
				E3FB69F9EACF86579ADDEB23 /* Pods */,
				49E258B2FD0EC489216D9B6B /* Frameworks */,
			);
			sourceTree = "<group>";
		};
		3825E666212C8E09007DE9AC /* Products */ = {
			isa = PBXGroup;
			children = (
				3825E665212C8E09007DE9AC /* RusTaxi.app */,
			);
			name = Products;
			sourceTree = "<group>";
		};
		3825E667212C8E09007DE9AC /* RusTaxi */ = {
			isa = PBXGroup;
			children = (
				381C00E8212F1157005BBC25 /* Localization */,
				7C19EC0B212DDB3700EFF008 /* Classes */,
				383B9C51212E07A00053C887 /* Help Files */,
				7C19EC0C212DDB4800EFF008 /* Resources */,
			);
			path = RusTaxi;
			sourceTree = "<group>";
		};
		383B9C47212E00A90053C887 /* Header View */ = {
			isa = PBXGroup;
			children = (
				383B9C4A212E00E30053C887 /* HeaderView.swift */,
				383B9C48212E00C90053C887 /* HeaderView.xib */,
			);
			path = "Header View";
			sourceTree = "<group>";
		};
		383B9C4C212E05330053C887 /* TextField Cell */ = {
			isa = PBXGroup;
			children = (
				383B9C4D212E055B0053C887 /* TextFieldCell.swift */,
				383B9C4F212E05BA0053C887 /* TextFieldCell.xib */,
			);
			path = "TextField Cell";
			sourceTree = "<group>";
		};
		383B9C51212E07A00053C887 /* Help Files */ = {
			isa = PBXGroup;
			children = (
				383B9C52212E07C10053C887 /* Extensions.swift */,
				383B9C54212E07FB0053C887 /* Constants.swift */,
			);
			path = "Help Files";
			sourceTree = "<group>";
		};
		383B9C56212E0C160053C887 /* Cells */ = {
			isa = PBXGroup;
			children = (
				38E85C37212E52CD00ECCCE8 /* Country Cell */,
				383B9C5C212E1F2C0053C887 /* Button Cell */,
				383B9C4C212E05330053C887 /* TextField Cell */,
				383B9C59212E0C570053C887 /* Phone TextField Cell */,
			);
			path = Cells;
			sourceTree = "<group>";
		};
		383B9C59212E0C570053C887 /* Phone TextField Cell */ = {
			isa = PBXGroup;
			children = (
				383B9C57212E0C4D0053C887 /* PhoneTextFieldCell.swift */,
				383B9C5A212E0C9E0053C887 /* PhoneTextFieldCell.xib */,
			);
			path = "Phone TextField Cell";
			sourceTree = "<group>";
		};
		383B9C5C212E1F2C0053C887 /* Button Cell */ = {
			isa = PBXGroup;
			children = (
				383B9C5D212E1F4D0053C887 /* ButtonCell.swift */,
				383B9C5F212E1F840053C887 /* ButtonCell.xib */,
			);
			path = "Button Cell";
			sourceTree = "<group>";
		};
		383B9C61212E21BF0053C887 /* Footer Button View */ = {
			isa = PBXGroup;
			children = (
				383B9C62212E23390053C887 /* FooterButtonView.swift */,
				383B9C64212E23500053C887 /* FooterButtonView.xib */,
			);
			path = "Footer Button View";
			sourceTree = "<group>";
		};
		383B9C67212E30D20053C887 /* Custom Views */ = {
			isa = PBXGroup;
			children = (
				383B9C47212E00A90053C887 /* Header View */,
				383B9C61212E21BF0053C887 /* Footer Button View */,
			);
			path = "Custom Views";
			sourceTree = "<group>";
		};
		38E85C31212E514900ECCCE8 /* VC */ = {
			isa = PBXGroup;
			children = (
				38E85C32212E516700ECCCE8 /* Presenter View Controller */,
				7C19EC0E212DDB7100EFF008 /* View Controller */,
			);
			path = VC;
			sourceTree = "<group>";
		};
		38E85C32212E516700ECCCE8 /* Presenter View Controller */ = {
			isa = PBXGroup;
			children = (
				38E85C33212E518000ECCCE8 /* PresenterViewController.swift */,
				38E85C35212E518D00ECCCE8 /* PresenterViewController.xib */,
			);
			path = "Presenter View Controller";
			sourceTree = "<group>";
		};
		38E85C37212E52CD00ECCCE8 /* Country Cell */ = {
			isa = PBXGroup;
			children = (
				38E85C38212E52E700ECCCE8 /* CountryCell.swift */,
				38E85C3A212E52F300ECCCE8 /* CountryCell.xib */,
			);
			path = "Country Cell";
			sourceTree = "<group>";
		};
		49E258B2FD0EC489216D9B6B /* Frameworks */ = {
			isa = PBXGroup;
			children = (
				AA6917A158EE3C7B36F672EB /* Pods_RusTaxi.framework */,
			);
			name = Frameworks;
			sourceTree = "<group>";
		};
		7C19EC0B212DDB3700EFF008 /* Classes */ = {
			isa = PBXGroup;
			children = (
				3825E668212C8E09007DE9AC /* AppDelegate.swift */,
				7C19EC16212DDCE500EFF008 /* Architecture Files */,
				7C19EC13212DDBCC00EFF008 /* Protocols */,
				7C19EC10212DDB8000EFF008 /* Utilites */,
				7C19EC0D212DDB6A00EFF008 /* Screens */,
			);
			path = Classes;
			sourceTree = "<group>";
		};
		7C19EC0C212DDB4800EFF008 /* Resources */ = {
			isa = PBXGroup;
			children = (
				3825E66F212C8E0B007DE9AC /* Assets.xcassets */,
				3825E671212C8E0C007DE9AC /* LaunchScreen.storyboard */,
			);
			path = Resources;
			sourceTree = "<group>";
		};
		7C19EC0D212DDB6A00EFF008 /* Screens */ = {
			isa = PBXGroup;
			children = (
				38E85C31212E514900ECCCE8 /* VC */,
				383B9C67212E30D20053C887 /* Custom Views */,
				383B9C56212E0C160053C887 /* Cells */,
			);
			path = Screens;
			sourceTree = "<group>";
		};
		7C19EC0E212DDB7100EFF008 /* View Controller */ = {
			isa = PBXGroup;
			children = (
				3825E66A212C8E09007DE9AC /* ViewController.swift */,
				7C19EC1B212DDE8100EFF008 /* ViewController.xib */,
			);
			path = "View Controller";
			sourceTree = "<group>";
		};
		7C19EC10212DDB8000EFF008 /* Utilites */ = {
			isa = PBXGroup;
			children = (
				7C19EC11212DDBA700EFF008 /* Sinder.swift */,
				7C19EC19212DDE6100EFF008 /* Localize.swift */,
			);
			path = Utilites;
			sourceTree = "<group>";
		};
		7C19EC13212DDBCC00EFF008 /* Protocols */ = {
			isa = PBXGroup;
			children = (
				7C19EC14212DDBD600EFF008 /* NibLoadable.swift */,
			);
			path = Protocols;
			sourceTree = "<group>";
		};
		7C19EC16212DDCE500EFF008 /* Architecture Files */ = {
			isa = PBXGroup;
			children = (
				7C19EC17212DDD5600EFF008 /* Router.swift */,
			);
			path = "Architecture Files";
			sourceTree = "<group>";
		};
		E3FB69F9EACF86579ADDEB23 /* Pods */ = {
			isa = PBXGroup;
			children = (
				A26E0D13497BAC52E9464C56 /* Pods-RusTaxi.debug.xcconfig */,
				D3533C998158B18D1132825B /* Pods-RusTaxi.release.xcconfig */,
			);
			name = Pods;
			sourceTree = "<group>";
		};
/* End PBXGroup section */

/* Begin PBXNativeTarget section */
		3825E664212C8E09007DE9AC /* RusTaxi */ = {
			isa = PBXNativeTarget;
			buildConfigurationList = 3825E677212C8E0C007DE9AC /* Build configuration list for PBXNativeTarget "RusTaxi" */;
			buildPhases = (
				562824599819174A31D60221 /* [CP] Check Pods Manifest.lock */,
				3825E661212C8E09007DE9AC /* Sources */,
				3825E662212C8E09007DE9AC /* Frameworks */,
				3825E663212C8E09007DE9AC /* Resources */,
				79FC32FE5E2B31A0519C9FF1 /* [CP] Embed Pods Frameworks */,
			);
			buildRules = (
			);
			dependencies = (
			);
			name = RusTaxi;
			productName = RusTaxi;
			productReference = 3825E665212C8E09007DE9AC /* RusTaxi.app */;
			productType = "com.apple.product-type.application";
		};
/* End PBXNativeTarget section */

/* Begin PBXProject section */
		3825E65D212C8E09007DE9AC /* Project object */ = {
			isa = PBXProject;
			attributes = {
				LastSwiftUpdateCheck = 0940;
				LastUpgradeCheck = 0940;
				ORGANIZATIONNAME = "App's ID";
				TargetAttributes = {
					3825E664212C8E09007DE9AC = {
						CreatedOnToolsVersion = 9.4.1;
					};
				};
			};
			buildConfigurationList = 3825E660212C8E09007DE9AC /* Build configuration list for PBXProject "RusTaxi" */;
			compatibilityVersion = "Xcode 9.3";
			developmentRegion = en;
			hasScannedForEncodings = 0;
			knownRegions = (
				en,
				Base,
				ru,
			);
			mainGroup = 3825E65C212C8E09007DE9AC;
			productRefGroup = 3825E666212C8E09007DE9AC /* Products */;
			projectDirPath = "";
			projectRoot = "";
			targets = (
				3825E664212C8E09007DE9AC /* RusTaxi */,
			);
		};
/* End PBXProject section */

/* Begin PBXResourcesBuildPhase section */
		3825E663212C8E09007DE9AC /* Resources */ = {
			isa = PBXResourcesBuildPhase;
			buildActionMask = 2147483647;
			files = (
				38E85C3B212E52F300ECCCE8 /* CountryCell.xib in Resources */,
				3825E673212C8E0C007DE9AC /* LaunchScreen.storyboard in Resources */,
				381C00EB212F1193005BBC25 /* Localizable.strings in Resources */,
				7C19EC1C212DDE8100EFF008 /* ViewController.xib in Resources */,
				383B9C50212E05BA0053C887 /* TextFieldCell.xib in Resources */,
				383B9C65212E23500053C887 /* FooterButtonView.xib in Resources */,
				3825E670212C8E0C007DE9AC /* Assets.xcassets in Resources */,
				383B9C60212E1F840053C887 /* ButtonCell.xib in Resources */,
				383B9C5B212E0C9E0053C887 /* PhoneTextFieldCell.xib in Resources */,
				383B9C49212E00C90053C887 /* HeaderView.xib in Resources */,
				38E85C36212E518D00ECCCE8 /* PresenterViewController.xib in Resources */,
			);
			runOnlyForDeploymentPostprocessing = 0;
		};
/* End PBXResourcesBuildPhase section */

/* Begin PBXShellScriptBuildPhase section */
		562824599819174A31D60221 /* [CP] Check Pods Manifest.lock */ = {
			isa = PBXShellScriptBuildPhase;
			buildActionMask = 2147483647;
			files = (
			);
			inputPaths = (
				"${PODS_PODFILE_DIR_PATH}/Podfile.lock",
				"${PODS_ROOT}/Manifest.lock",
			);
			name = "[CP] Check Pods Manifest.lock";
			outputPaths = (
				"$(DERIVED_FILE_DIR)/Pods-RusTaxi-checkManifestLockResult.txt",
			);
			runOnlyForDeploymentPostprocessing = 0;
			shellPath = /bin/sh;
			shellScript = "diff \"${PODS_PODFILE_DIR_PATH}/Podfile.lock\" \"${PODS_ROOT}/Manifest.lock\" > /dev/null\nif [ $? != 0 ] ; then\n    # print error to STDERR\n    echo \"error: The sandbox is not in sync with the Podfile.lock. Run 'pod install' or update your CocoaPods installation.\" >&2\n    exit 1\nfi\n# This output is used by Xcode 'outputs' to avoid re-running this script phase.\necho \"SUCCESS\" > \"${SCRIPT_OUTPUT_FILE_0}\"\n";
			showEnvVarsInLog = 0;
		};
		79FC32FE5E2B31A0519C9FF1 /* [CP] Embed Pods Frameworks */ = {
			isa = PBXShellScriptBuildPhase;
			buildActionMask = 2147483647;
			files = (
			);
			inputPaths = (
				"${SRCROOT}/Pods/Target Support Files/Pods-RusTaxi/Pods-RusTaxi-frameworks.sh",
				"${BUILT_PRODUCTS_DIR}/Alamofire/Alamofire.framework",
				"${BUILT_PRODUCTS_DIR}/IQKeyboardManagerSwift/IQKeyboardManagerSwift.framework",
				"${BUILT_PRODUCTS_DIR}/Material/Material.framework",
				"${BUILT_PRODUCTS_DIR}/Motion/Motion.framework",
				"${BUILT_PRODUCTS_DIR}/SwiftyJSON/SwiftyJSON.framework",
			);
			name = "[CP] Embed Pods Frameworks";
			outputPaths = (
				"${TARGET_BUILD_DIR}/${FRAMEWORKS_FOLDER_PATH}/Alamofire.framework",
				"${TARGET_BUILD_DIR}/${FRAMEWORKS_FOLDER_PATH}/IQKeyboardManagerSwift.framework",
				"${TARGET_BUILD_DIR}/${FRAMEWORKS_FOLDER_PATH}/Material.framework",
				"${TARGET_BUILD_DIR}/${FRAMEWORKS_FOLDER_PATH}/Motion.framework",
				"${TARGET_BUILD_DIR}/${FRAMEWORKS_FOLDER_PATH}/SwiftyJSON.framework",
			);
			runOnlyForDeploymentPostprocessing = 0;
			shellPath = /bin/sh;
			shellScript = "\"${SRCROOT}/Pods/Target Support Files/Pods-RusTaxi/Pods-RusTaxi-frameworks.sh\"\n";
			showEnvVarsInLog = 0;
		};
/* End PBXShellScriptBuildPhase section */

/* Begin PBXSourcesBuildPhase section */
		3825E661212C8E09007DE9AC /* Sources */ = {
			isa = PBXSourcesBuildPhase;
			buildActionMask = 2147483647;
			files = (
				383B9C58212E0C4D0053C887 /* PhoneTextFieldCell.swift in Sources */,
				7C19EC1A212DDE6100EFF008 /* Localize.swift in Sources */,
				38E85C39212E52E700ECCCE8 /* CountryCell.swift in Sources */,
				383B9C63212E23390053C887 /* FooterButtonView.swift in Sources */,
				383B9C53212E07C10053C887 /* Extensions.swift in Sources */,
				383B9C4B212E00E30053C887 /* HeaderView.swift in Sources */,
				383B9C4E212E055B0053C887 /* TextFieldCell.swift in Sources */,
				3825E66B212C8E09007DE9AC /* ViewController.swift in Sources */,
				383B9C55212E07FB0053C887 /* Constants.swift in Sources */,
				7C19EC15212DDBD600EFF008 /* NibLoadable.swift in Sources */,
				7C19EC18212DDD5600EFF008 /* Router.swift in Sources */,
				7C19EC12212DDBA700EFF008 /* Sinder.swift in Sources */,
				3825E669212C8E09007DE9AC /* AppDelegate.swift in Sources */,
				383B9C5E212E1F4D0053C887 /* ButtonCell.swift in Sources */,
				38E85C34212E518000ECCCE8 /* PresenterViewController.swift in Sources */,
			);
			runOnlyForDeploymentPostprocessing = 0;
		};
/* End PBXSourcesBuildPhase section */

/* Begin PBXVariantGroup section */
		381C00ED212F1193005BBC25 /* Localizable.strings */ = {
			isa = PBXVariantGroup;
			children = (
				381C00EC212F1193005BBC25 /* en */,
				381C00F0212F127E005BBC25 /* ru */,
			);
			name = Localizable.strings;
			sourceTree = "<group>";
		};
		3825E671212C8E0C007DE9AC /* LaunchScreen.storyboard */ = {
			isa = PBXVariantGroup;
			children = (
				3825E672212C8E0C007DE9AC /* Base */,
				381C00EF212F127E005BBC25 /* ru */,
			);
			name = LaunchScreen.storyboard;
			sourceTree = "<group>";
		};
/* End PBXVariantGroup section */

/* Begin XCBuildConfiguration section */
		3825E675212C8E0C007DE9AC /* Debug */ = {
			isa = XCBuildConfiguration;
			buildSettings = {
				ALWAYS_SEARCH_USER_PATHS = NO;
				CLANG_ANALYZER_LOCALIZABILITY_NONLOCALIZED = YES;
				CLANG_ANALYZER_NONNULL = YES;
				CLANG_ANALYZER_NUMBER_OBJECT_CONVERSION = YES_AGGRESSIVE;
				CLANG_CXX_LANGUAGE_STANDARD = "gnu++14";
				CLANG_CXX_LIBRARY = "libc++";
				CLANG_ENABLE_MODULES = YES;
				CLANG_ENABLE_OBJC_ARC = YES;
				CLANG_ENABLE_OBJC_WEAK = YES;
				CLANG_WARN_BLOCK_CAPTURE_AUTORELEASING = YES;
				CLANG_WARN_BOOL_CONVERSION = YES;
				CLANG_WARN_COMMA = YES;
				CLANG_WARN_CONSTANT_CONVERSION = YES;
				CLANG_WARN_DEPRECATED_OBJC_IMPLEMENTATIONS = YES;
				CLANG_WARN_DIRECT_OBJC_ISA_USAGE = YES_ERROR;
				CLANG_WARN_DOCUMENTATION_COMMENTS = YES;
				CLANG_WARN_EMPTY_BODY = YES;
				CLANG_WARN_ENUM_CONVERSION = YES;
				CLANG_WARN_INFINITE_RECURSION = YES;
				CLANG_WARN_INT_CONVERSION = YES;
				CLANG_WARN_NON_LITERAL_NULL_CONVERSION = YES;
				CLANG_WARN_OBJC_IMPLICIT_RETAIN_SELF = YES;
				CLANG_WARN_OBJC_LITERAL_CONVERSION = YES;
				CLANG_WARN_OBJC_ROOT_CLASS = YES_ERROR;
				CLANG_WARN_RANGE_LOOP_ANALYSIS = YES;
				CLANG_WARN_STRICT_PROTOTYPES = YES;
				CLANG_WARN_SUSPICIOUS_MOVE = YES;
				CLANG_WARN_UNGUARDED_AVAILABILITY = YES_AGGRESSIVE;
				CLANG_WARN_UNREACHABLE_CODE = YES;
				CLANG_WARN__DUPLICATE_METHOD_MATCH = YES;
				CODE_SIGN_IDENTITY = "iPhone Developer";
				COPY_PHASE_STRIP = NO;
				DEBUG_INFORMATION_FORMAT = dwarf;
				ENABLE_STRICT_OBJC_MSGSEND = YES;
				ENABLE_TESTABILITY = YES;
				GCC_C_LANGUAGE_STANDARD = gnu11;
				GCC_DYNAMIC_NO_PIC = NO;
				GCC_NO_COMMON_BLOCKS = YES;
				GCC_OPTIMIZATION_LEVEL = 0;
				GCC_PREPROCESSOR_DEFINITIONS = (
					"DEBUG=1",
					"$(inherited)",
				);
				GCC_WARN_64_TO_32_BIT_CONVERSION = YES;
				GCC_WARN_ABOUT_RETURN_TYPE = YES_ERROR;
				GCC_WARN_UNDECLARED_SELECTOR = YES;
				GCC_WARN_UNINITIALIZED_AUTOS = YES_AGGRESSIVE;
				GCC_WARN_UNUSED_FUNCTION = YES;
				GCC_WARN_UNUSED_VARIABLE = YES;
				IPHONEOS_DEPLOYMENT_TARGET = 11.4;
				MTL_ENABLE_DEBUG_INFO = YES;
				ONLY_ACTIVE_ARCH = YES;
				SDKROOT = iphoneos;
				SWIFT_ACTIVE_COMPILATION_CONDITIONS = DEBUG;
				SWIFT_OPTIMIZATION_LEVEL = "-Onone";
			};
			name = Debug;
		};
		3825E676212C8E0C007DE9AC /* Release */ = {
			isa = XCBuildConfiguration;
			buildSettings = {
				ALWAYS_SEARCH_USER_PATHS = NO;
				CLANG_ANALYZER_LOCALIZABILITY_NONLOCALIZED = YES;
				CLANG_ANALYZER_NONNULL = YES;
				CLANG_ANALYZER_NUMBER_OBJECT_CONVERSION = YES_AGGRESSIVE;
				CLANG_CXX_LANGUAGE_STANDARD = "gnu++14";
				CLANG_CXX_LIBRARY = "libc++";
				CLANG_ENABLE_MODULES = YES;
				CLANG_ENABLE_OBJC_ARC = YES;
				CLANG_ENABLE_OBJC_WEAK = YES;
				CLANG_WARN_BLOCK_CAPTURE_AUTORELEASING = YES;
				CLANG_WARN_BOOL_CONVERSION = YES;
				CLANG_WARN_COMMA = YES;
				CLANG_WARN_CONSTANT_CONVERSION = YES;
				CLANG_WARN_DEPRECATED_OBJC_IMPLEMENTATIONS = YES;
				CLANG_WARN_DIRECT_OBJC_ISA_USAGE = YES_ERROR;
				CLANG_WARN_DOCUMENTATION_COMMENTS = YES;
				CLANG_WARN_EMPTY_BODY = YES;
				CLANG_WARN_ENUM_CONVERSION = YES;
				CLANG_WARN_INFINITE_RECURSION = YES;
				CLANG_WARN_INT_CONVERSION = YES;
				CLANG_WARN_NON_LITERAL_NULL_CONVERSION = YES;
				CLANG_WARN_OBJC_IMPLICIT_RETAIN_SELF = YES;
				CLANG_WARN_OBJC_LITERAL_CONVERSION = YES;
				CLANG_WARN_OBJC_ROOT_CLASS = YES_ERROR;
				CLANG_WARN_RANGE_LOOP_ANALYSIS = YES;
				CLANG_WARN_STRICT_PROTOTYPES = YES;
				CLANG_WARN_SUSPICIOUS_MOVE = YES;
				CLANG_WARN_UNGUARDED_AVAILABILITY = YES_AGGRESSIVE;
				CLANG_WARN_UNREACHABLE_CODE = YES;
				CLANG_WARN__DUPLICATE_METHOD_MATCH = YES;
				CODE_SIGN_IDENTITY = "iPhone Developer";
				COPY_PHASE_STRIP = NO;
				DEBUG_INFORMATION_FORMAT = "dwarf-with-dsym";
				ENABLE_NS_ASSERTIONS = NO;
				ENABLE_STRICT_OBJC_MSGSEND = YES;
				GCC_C_LANGUAGE_STANDARD = gnu11;
				GCC_NO_COMMON_BLOCKS = YES;
				GCC_WARN_64_TO_32_BIT_CONVERSION = YES;
				GCC_WARN_ABOUT_RETURN_TYPE = YES_ERROR;
				GCC_WARN_UNDECLARED_SELECTOR = YES;
				GCC_WARN_UNINITIALIZED_AUTOS = YES_AGGRESSIVE;
				GCC_WARN_UNUSED_FUNCTION = YES;
				GCC_WARN_UNUSED_VARIABLE = YES;
				IPHONEOS_DEPLOYMENT_TARGET = 11.4;
				MTL_ENABLE_DEBUG_INFO = NO;
				SDKROOT = iphoneos;
				SWIFT_COMPILATION_MODE = wholemodule;
				SWIFT_OPTIMIZATION_LEVEL = "-O";
				VALIDATE_PRODUCT = YES;
			};
			name = Release;
		};
		3825E678212C8E0C007DE9AC /* Debug */ = {
			isa = XCBuildConfiguration;
			baseConfigurationReference = A26E0D13497BAC52E9464C56 /* Pods-RusTaxi.debug.xcconfig */;
			buildSettings = {
				ASSETCATALOG_COMPILER_APPICON_NAME = AppIcon;
				CODE_SIGN_STYLE = Automatic;
				DEVELOPMENT_TEAM = WCUSJTLL4Y;
				INFOPLIST_FILE = "$(SRCROOT)/Info.plist";
				IPHONEOS_DEPLOYMENT_TARGET = 11.4;
				LD_RUNPATH_SEARCH_PATHS = (
					"$(inherited)",
					"@executable_path/Frameworks",
				);
				PRODUCT_BUNDLE_IDENTIFIER = AID.RusTaxi;
				PRODUCT_NAME = "$(TARGET_NAME)";
				SWIFT_VERSION = 4.0;
				TARGETED_DEVICE_FAMILY = "1,2";
			};
			name = Debug;
		};
		3825E679212C8E0C007DE9AC /* Release */ = {
			isa = XCBuildConfiguration;
			baseConfigurationReference = D3533C998158B18D1132825B /* Pods-RusTaxi.release.xcconfig */;
			buildSettings = {
				ASSETCATALOG_COMPILER_APPICON_NAME = AppIcon;
				CODE_SIGN_STYLE = Automatic;
				DEVELOPMENT_TEAM = WCUSJTLL4Y;
				INFOPLIST_FILE = "$(SRCROOT)/Info.plist";
				IPHONEOS_DEPLOYMENT_TARGET = 11.4;
				LD_RUNPATH_SEARCH_PATHS = (
					"$(inherited)",
					"@executable_path/Frameworks",
				);
				PRODUCT_BUNDLE_IDENTIFIER = AID.RusTaxi;
				PRODUCT_NAME = "$(TARGET_NAME)";
				SWIFT_VERSION = 4.0;
				TARGETED_DEVICE_FAMILY = "1,2";
			};
			name = Release;
		};
/* End XCBuildConfiguration section */

/* Begin XCConfigurationList section */
		3825E660212C8E09007DE9AC /* Build configuration list for PBXProject "RusTaxi" */ = {
			isa = XCConfigurationList;
			buildConfigurations = (
				3825E675212C8E0C007DE9AC /* Debug */,
				3825E676212C8E0C007DE9AC /* Release */,
			);
			defaultConfigurationIsVisible = 0;
			defaultConfigurationName = Release;
		};
		3825E677212C8E0C007DE9AC /* Build configuration list for PBXNativeTarget "RusTaxi" */ = {
			isa = XCConfigurationList;
			buildConfigurations = (
				3825E678212C8E0C007DE9AC /* Debug */,
				3825E679212C8E0C007DE9AC /* Release */,
			);
			defaultConfigurationIsVisible = 0;
			defaultConfigurationName = Release;
		};
/* End XCConfigurationList section */
	};
	rootObject = 3825E65D212C8E09007DE9AC /* Project object */;
}
